// !$*UTF8*$!
{
	archiveVersion = 1;
	classes = {
	};
	objectVersion = 56;
	objects = {

/* Begin PBXBuildFile section */
		8D0CC0462B0BCADD0009E488 /* PokedexCombineApp.swift in Sources */ = {isa = PBXBuildFile; fileRef = 8D0CC0452B0BCADD0009E488 /* PokedexCombineApp.swift */; };
		8D0CC0482B0BCADD0009E488 /* Persistence.swift in Sources */ = {isa = PBXBuildFile; fileRef = 8D0CC0472B0BCADD0009E488 /* Persistence.swift */; };
		8D0CC04B2B0BCADD0009E488 /* PokedexCombine.xcdatamodeld in Sources */ = {isa = PBXBuildFile; fileRef = 8D0CC0492B0BCADD0009E488 /* PokedexCombine.xcdatamodeld */; };
		8D0CC04D2B0BCADD0009E488 /* ContentView.swift in Sources */ = {isa = PBXBuildFile; fileRef = 8D0CC04C2B0BCADD0009E488 /* ContentView.swift */; };
		8D0CC04F2B0BCADF0009E488 /* Assets.xcassets in Resources */ = {isa = PBXBuildFile; fileRef = 8D0CC04E2B0BCADF0009E488 /* Assets.xcassets */; };
		8D0CC0532B0BCADF0009E488 /* Preview Assets.xcassets in Resources */ = {isa = PBXBuildFile; fileRef = 8D0CC0522B0BCADF0009E488 /* Preview Assets.xcassets */; };
		8D0CC05D2B0BCADF0009E488 /* PokedexCombineTests.swift in Sources */ = {isa = PBXBuildFile; fileRef = 8D0CC05C2B0BCADF0009E488 /* PokedexCombineTests.swift */; };
		8D0CC0672B0BCADF0009E488 /* PokedexCombineUITests.swift in Sources */ = {isa = PBXBuildFile; fileRef = 8D0CC0662B0BCADF0009E488 /* PokedexCombineUITests.swift */; };
		8D0CC0692B0BCADF0009E488 /* PokedexCombineUITestsLaunchTests.swift in Sources */ = {isa = PBXBuildFile; fileRef = 8D0CC0682B0BCADF0009E488 /* PokedexCombineUITestsLaunchTests.swift */; };
/* End PBXBuildFile section */

/* Begin PBXContainerItemProxy section */
		8D0CC0592B0BCADF0009E488 /* PBXContainerItemProxy */ = {
			isa = PBXContainerItemProxy;
			containerPortal = 8D0CC03A2B0BCADD0009E488 /* Project object */;
			proxyType = 1;
			remoteGlobalIDString = 8D0CC0412B0BCADD0009E488;
			remoteInfo = PokedexCombine;
		};
		8D0CC0632B0BCADF0009E488 /* PBXContainerItemProxy */ = {
			isa = PBXContainerItemProxy;
			containerPortal = 8D0CC03A2B0BCADD0009E488 /* Project object */;
			proxyType = 1;
			remoteGlobalIDString = 8D0CC0412B0BCADD0009E488;
			remoteInfo = PokedexCombine;
		};
/* End PBXContainerItemProxy section */

/* Begin PBXFileReference section */
		8D0CC0422B0BCADD0009E488 /* PokedexCombine.app */ = {isa = PBXFileReference; explicitFileType = wrapper.application; includeInIndex = 0; path = PokedexCombine.app; sourceTree = BUILT_PRODUCTS_DIR; };
		8D0CC0452B0BCADD0009E488 /* PokedexCombineApp.swift */ = {isa = PBXFileReference; lastKnownFileType = sourcecode.swift; path = PokedexCombineApp.swift; sourceTree = "<group>"; };
		8D0CC0472B0BCADD0009E488 /* Persistence.swift */ = {isa = PBXFileReference; lastKnownFileType = sourcecode.swift; path = Persistence.swift; sourceTree = "<group>"; };
		8D0CC04A2B0BCADD0009E488 /* PokedexCombine.xcdatamodel */ = {isa = PBXFileReference; lastKnownFileType = wrapper.xcdatamodel; path = PokedexCombine.xcdatamodel; sourceTree = "<group>"; };
		8D0CC04C2B0BCADD0009E488 /* ContentView.swift */ = {isa = PBXFileReference; lastKnownFileType = sourcecode.swift; path = ContentView.swift; sourceTree = "<group>"; };
		8D0CC04E2B0BCADF0009E488 /* Assets.xcassets */ = {isa = PBXFileReference; lastKnownFileType = folder.assetcatalog; path = Assets.xcassets; sourceTree = "<group>"; };
		8D0CC0502B0BCADF0009E488 /* PokedexCombine.entitlements */ = {isa = PBXFileReference; lastKnownFileType = text.plist.entitlements; path = PokedexCombine.entitlements; sourceTree = "<group>"; };
		8D0CC0522B0BCADF0009E488 /* Preview Assets.xcassets */ = {isa = PBXFileReference; lastKnownFileType = folder.assetcatalog; path = "Preview Assets.xcassets"; sourceTree = "<group>"; };
		8D0CC0582B0BCADF0009E488 /* PokedexCombineTests.xctest */ = {isa = PBXFileReference; explicitFileType = wrapper.cfbundle; includeInIndex = 0; path = PokedexCombineTests.xctest; sourceTree = BUILT_PRODUCTS_DIR; };
		8D0CC05C2B0BCADF0009E488 /* PokedexCombineTests.swift */ = {isa = PBXFileReference; lastKnownFileType = sourcecode.swift; path = PokedexCombineTests.swift; sourceTree = "<group>"; };
		8D0CC0622B0BCADF0009E488 /* PokedexCombineUITests.xctest */ = {isa = PBXFileReference; explicitFileType = wrapper.cfbundle; includeInIndex = 0; path = PokedexCombineUITests.xctest; sourceTree = BUILT_PRODUCTS_DIR; };
		8D0CC0662B0BCADF0009E488 /* PokedexCombineUITests.swift */ = {isa = PBXFileReference; lastKnownFileType = sourcecode.swift; path = PokedexCombineUITests.swift; sourceTree = "<group>"; };
		8D0CC0682B0BCADF0009E488 /* PokedexCombineUITestsLaunchTests.swift */ = {isa = PBXFileReference; lastKnownFileType = sourcecode.swift; path = PokedexCombineUITestsLaunchTests.swift; sourceTree = "<group>"; };
/* End PBXFileReference section */

/* Begin PBXFrameworksBuildPhase section */
		8D0CC03F2B0BCADD0009E488 /* Frameworks */ = {
			isa = PBXFrameworksBuildPhase;
			buildActionMask = 2147483647;
			files = (
			);
			runOnlyForDeploymentPostprocessing = 0;
		};
		8D0CC0552B0BCADF0009E488 /* Frameworks */ = {
			isa = PBXFrameworksBuildPhase;
			buildActionMask = 2147483647;
			files = (
			);
			runOnlyForDeploymentPostprocessing = 0;
		};
		8D0CC05F2B0BCADF0009E488 /* Frameworks */ = {
			isa = PBXFrameworksBuildPhase;
			buildActionMask = 2147483647;
			files = (
			);
			runOnlyForDeploymentPostprocessing = 0;
		};
/* End PBXFrameworksBuildPhase section */

/* Begin PBXGroup section */
		8D0CC0392B0BCADD0009E488 = {
			isa = PBXGroup;
			children = (
				8D0CC0442B0BCADD0009E488 /* PokedexCombine */,
				8D0CC05B2B0BCADF0009E488 /* PokedexCombineTests */,
				8D0CC0652B0BCADF0009E488 /* PokedexCombineUITests */,
				8D0CC0432B0BCADD0009E488 /* Products */,
			);
			sourceTree = "<group>";
		};
		8D0CC0432B0BCADD0009E488 /* Products */ = {
			isa = PBXGroup;
			children = (
				8D0CC0422B0BCADD0009E488 /* PokedexCombine.app */,
				8D0CC0582B0BCADF0009E488 /* PokedexCombineTests.xctest */,
				8D0CC0622B0BCADF0009E488 /* PokedexCombineUITests.xctest */,
			);
			name = Products;
			sourceTree = "<group>";
		};
		8D0CC0442B0BCADD0009E488 /* PokedexCombine */ = {
			isa = PBXGroup;
			children = (
				8D0CC0752B0BCC330009E488 /* Presentation */,
				8D0CC0452B0BCADD0009E488 /* PokedexCombineApp.swift */,
				8D0CC0472B0BCADD0009E488 /* Persistence.swift */,
				8D0CC04C2B0BCADD0009E488 /* ContentView.swift */,
				8D0CC04E2B0BCADF0009E488 /* Assets.xcassets */,
				8D0CC0502B0BCADF0009E488 /* PokedexCombine.entitlements */,
				8D0CC0492B0BCADD0009E488 /* PokedexCombine.xcdatamodeld */,
				8D0CC0512B0BCADF0009E488 /* Preview Content */,
			);
			path = PokedexCombine;
			sourceTree = "<group>";
		};
		8D0CC0512B0BCADF0009E488 /* Preview Content */ = {
			isa = PBXGroup;
			children = (
				8D0CC0522B0BCADF0009E488 /* Preview Assets.xcassets */,
			);
			path = "Preview Content";
			sourceTree = "<group>";
		};
		8D0CC05B2B0BCADF0009E488 /* PokedexCombineTests */ = {
			isa = PBXGroup;
			children = (
				8D0CC05C2B0BCADF0009E488 /* PokedexCombineTests.swift */,
			);
			path = PokedexCombineTests;
			sourceTree = "<group>";
		};
		8D0CC0652B0BCADF0009E488 /* PokedexCombineUITests */ = {
			isa = PBXGroup;
			children = (
				8D0CC0662B0BCADF0009E488 /* PokedexCombineUITests.swift */,
				8D0CC0682B0BCADF0009E488 /* PokedexCombineUITestsLaunchTests.swift */,
			);
			path = PokedexCombineUITests;
			sourceTree = "<group>";
		};
		8D0CC0752B0BCC330009E488 /* Presentation */ = {
			isa = PBXGroup;
			children = (
			);
			path = Presentation;
			sourceTree = "<group>";
		};
/* End PBXGroup section */

/* Begin PBXNativeTarget section */
		8D0CC0412B0BCADD0009E488 /* PokedexCombine */ = {
			isa = PBXNativeTarget;
			buildConfigurationList = 8D0CC06C2B0BCADF0009E488 /* Build configuration list for PBXNativeTarget "PokedexCombine" */;
			buildPhases = (
				8D0CC03E2B0BCADD0009E488 /* Sources */,
				8D0CC03F2B0BCADD0009E488 /* Frameworks */,
				8D0CC0402B0BCADD0009E488 /* Resources */,
			);
			buildRules = (
			);
			dependencies = (
			);
			name = PokedexCombine;
			productName = PokedexCombine;
			productReference = 8D0CC0422B0BCADD0009E488 /* PokedexCombine.app */;
			productType = "com.apple.product-type.application";
		};
		8D0CC0572B0BCADF0009E488 /* PokedexCombineTests */ = {
			isa = PBXNativeTarget;
			buildConfigurationList = 8D0CC06F2B0BCADF0009E488 /* Build configuration list for PBXNativeTarget "PokedexCombineTests" */;
			buildPhases = (
				8D0CC0542B0BCADF0009E488 /* Sources */,
				8D0CC0552B0BCADF0009E488 /* Frameworks */,
				8D0CC0562B0BCADF0009E488 /* Resources */,
			);
			buildRules = (
			);
			dependencies = (
				8D0CC05A2B0BCADF0009E488 /* PBXTargetDependency */,
			);
			name = PokedexCombineTests;
			productName = PokedexCombineTests;
			productReference = 8D0CC0582B0BCADF0009E488 /* PokedexCombineTests.xctest */;
			productType = "com.apple.product-type.bundle.unit-test";
		};
		8D0CC0612B0BCADF0009E488 /* PokedexCombineUITests */ = {
			isa = PBXNativeTarget;
			buildConfigurationList = 8D0CC0722B0BCADF0009E488 /* Build configuration list for PBXNativeTarget "PokedexCombineUITests" */;
			buildPhases = (
				8D0CC05E2B0BCADF0009E488 /* Sources */,
				8D0CC05F2B0BCADF0009E488 /* Frameworks */,
				8D0CC0602B0BCADF0009E488 /* Resources */,
			);
			buildRules = (
			);
			dependencies = (
				8D0CC0642B0BCADF0009E488 /* PBXTargetDependency */,
			);
			name = PokedexCombineUITests;
			productName = PokedexCombineUITests;
			productReference = 8D0CC0622B0BCADF0009E488 /* PokedexCombineUITests.xctest */;
			productType = "com.apple.product-type.bundle.ui-testing";
		};
/* End PBXNativeTarget section */

/* Begin PBXProject section */
		8D0CC03A2B0BCADD0009E488 /* Project object */ = {
			isa = PBXProject;
			attributes = {
				BuildIndependentTargetsInParallel = 1;
				LastSwiftUpdateCheck = 1500;
				LastUpgradeCheck = 1500;
				TargetAttributes = {
					8D0CC0412B0BCADD0009E488 = {
						CreatedOnToolsVersion = 15.0.1;
					};
					8D0CC0572B0BCADF0009E488 = {
						CreatedOnToolsVersion = 15.0.1;
						TestTargetID = 8D0CC0412B0BCADD0009E488;
					};
					8D0CC0612B0BCADF0009E488 = {
						CreatedOnToolsVersion = 15.0.1;
						TestTargetID = 8D0CC0412B0BCADD0009E488;
					};
				};
			};
			buildConfigurationList = 8D0CC03D2B0BCADD0009E488 /* Build configuration list for PBXProject "PokedexCombine" */;
			compatibilityVersion = "Xcode 14.0";
			developmentRegion = en;
			hasScannedForEncodings = 0;
			knownRegions = (
				en,
				Base,
			);
			mainGroup = 8D0CC0392B0BCADD0009E488;
			productRefGroup = 8D0CC0432B0BCADD0009E488 /* Products */;
			projectDirPath = "";
			projectRoot = "";
			targets = (
				8D0CC0412B0BCADD0009E488 /* PokedexCombine */,
				8D0CC0572B0BCADF0009E488 /* PokedexCombineTests */,
				8D0CC0612B0BCADF0009E488 /* PokedexCombineUITests */,
			);
		};
/* End PBXProject section */

/* Begin PBXResourcesBuildPhase section */
		8D0CC0402B0BCADD0009E488 /* Resources */ = {
			isa = PBXResourcesBuildPhase;
			buildActionMask = 2147483647;
			files = (
				8D0CC0532B0BCADF0009E488 /* Preview Assets.xcassets in Resources */,
				8D0CC04F2B0BCADF0009E488 /* Assets.xcassets in Resources */,
			);
			runOnlyForDeploymentPostprocessing = 0;
		};
		8D0CC0562B0BCADF0009E488 /* Resources */ = {
			isa = PBXResourcesBuildPhase;
			buildActionMask = 2147483647;
			files = (
			);
			runOnlyForDeploymentPostprocessing = 0;
		};
		8D0CC0602B0BCADF0009E488 /* Resources */ = {
			isa = PBXResourcesBuildPhase;
			buildActionMask = 2147483647;
			files = (
			);
			runOnlyForDeploymentPostprocessing = 0;
		};
/* End PBXResourcesBuildPhase section */

/* Begin PBXSourcesBuildPhase section */
		8D0CC03E2B0BCADD0009E488 /* Sources */ = {
			isa = PBXSourcesBuildPhase;
			buildActionMask = 2147483647;
			files = (
				8D0CC0462B0BCADD0009E488 /* PokedexCombineApp.swift in Sources */,
				8D0CC04B2B0BCADD0009E488 /* PokedexCombine.xcdatamodeld in Sources */,
				8D0CC04D2B0BCADD0009E488 /* ContentView.swift in Sources */,
				8D0CC0482B0BCADD0009E488 /* Persistence.swift in Sources */,
			);
			runOnlyForDeploymentPostprocessing = 0;
		};
		8D0CC0542B0BCADF0009E488 /* Sources */ = {
			isa = PBXSourcesBuildPhase;
			buildActionMask = 2147483647;
			files = (
				8D0CC05D2B0BCADF0009E488 /* PokedexCombineTests.swift in Sources */,
			);
			runOnlyForDeploymentPostprocessing = 0;
		};
		8D0CC05E2B0BCADF0009E488 /* Sources */ = {
			isa = PBXSourcesBuildPhase;
			buildActionMask = 2147483647;
			files = (
				8D0CC0672B0BCADF0009E488 /* PokedexCombineUITests.swift in Sources */,
				8D0CC0692B0BCADF0009E488 /* PokedexCombineUITestsLaunchTests.swift in Sources */,
			);
			runOnlyForDeploymentPostprocessing = 0;
		};
/* End PBXSourcesBuildPhase section */

/* Begin PBXTargetDependency section */
		8D0CC05A2B0BCADF0009E488 /* PBXTargetDependency */ = {
			isa = PBXTargetDependency;
			target = 8D0CC0412B0BCADD0009E488 /* PokedexCombine */;
			targetProxy = 8D0CC0592B0BCADF0009E488 /* PBXContainerItemProxy */;
		};
		8D0CC0642B0BCADF0009E488 /* PBXTargetDependency */ = {
			isa = PBXTargetDependency;
			target = 8D0CC0412B0BCADD0009E488 /* PokedexCombine */;
			targetProxy = 8D0CC0632B0BCADF0009E488 /* PBXContainerItemProxy */;
		};
/* End PBXTargetDependency section */

/* Begin XCBuildConfiguration section */
		8D0CC06A2B0BCADF0009E488 /* Debug */ = {
			isa = XCBuildConfiguration;
			buildSettings = {
				ALWAYS_SEARCH_USER_PATHS = NO;
				ASSETCATALOG_COMPILER_GENERATE_SWIFT_ASSET_SYMBOL_EXTENSIONS = YES;
				CLANG_ANALYZER_NONNULL = YES;
				CLANG_ANALYZER_NUMBER_OBJECT_CONVERSION = YES_AGGRESSIVE;
				CLANG_CXX_LANGUAGE_STANDARD = "gnu++20";
				CLANG_ENABLE_MODULES = YES;
				CLANG_ENABLE_OBJC_ARC = YES;
				CLANG_ENABLE_OBJC_WEAK = YES;
				CLANG_WARN_BLOCK_CAPTURE_AUTORELEASING = YES;
				CLANG_WARN_BOOL_CONVERSION = YES;
				CLANG_WARN_COMMA = YES;
				CLANG_WARN_CONSTANT_CONVERSION = YES;
				CLANG_WARN_DEPRECATED_OBJC_IMPLEMENTATIONS = YES;
				CLANG_WARN_DIRECT_OBJC_ISA_USAGE = YES_ERROR;
				CLANG_WARN_DOCUMENTATION_COMMENTS = YES;
				CLANG_WARN_EMPTY_BODY = YES;
				CLANG_WARN_ENUM_CONVERSION = YES;
				CLANG_WARN_INFINITE_RECURSION = YES;
				CLANG_WARN_INT_CONVERSION = YES;
				CLANG_WARN_NON_LITERAL_NULL_CONVERSION = YES;
				CLANG_WARN_OBJC_IMPLICIT_RETAIN_SELF = YES;
				CLANG_WARN_OBJC_LITERAL_CONVERSION = YES;
				CLANG_WARN_OBJC_ROOT_CLASS = YES_ERROR;
				CLANG_WARN_QUOTED_INCLUDE_IN_FRAMEWORK_HEADER = YES;
				CLANG_WARN_RANGE_LOOP_ANALYSIS = YES;
				CLANG_WARN_STRICT_PROTOTYPES = YES;
				CLANG_WARN_SUSPICIOUS_MOVE = YES;
				CLANG_WARN_UNGUARDED_AVAILABILITY = YES_AGGRESSIVE;
				CLANG_WARN_UNREACHABLE_CODE = YES;
				CLANG_WARN__DUPLICATE_METHOD_MATCH = YES;
				COPY_PHASE_STRIP = NO;
				DEBUG_INFORMATION_FORMAT = dwarf;
				ENABLE_STRICT_OBJC_MSGSEND = YES;
				ENABLE_TESTABILITY = YES;
				ENABLE_USER_SCRIPT_SANDBOXING = YES;
				GCC_C_LANGUAGE_STANDARD = gnu17;
				GCC_DYNAMIC_NO_PIC = NO;
				GCC_NO_COMMON_BLOCKS = YES;
				GCC_OPTIMIZATION_LEVEL = 0;
				GCC_PREPROCESSOR_DEFINITIONS = (
					"DEBUG=1",
					"$(inherited)",
				);
				GCC_WARN_64_TO_32_BIT_CONVERSION = YES;
				GCC_WARN_ABOUT_RETURN_TYPE = YES_ERROR;
				GCC_WARN_UNDECLARED_SELECTOR = YES;
				GCC_WARN_UNINITIALIZED_AUTOS = YES_AGGRESSIVE;
				GCC_WARN_UNUSED_FUNCTION = YES;
				GCC_WARN_UNUSED_VARIABLE = YES;
				LOCALIZATION_PREFERS_STRING_CATALOGS = YES;
				MTL_ENABLE_DEBUG_INFO = INCLUDE_SOURCE;
				MTL_FAST_MATH = YES;
				ONLY_ACTIVE_ARCH = YES;
				SWIFT_ACTIVE_COMPILATION_CONDITIONS = "DEBUG $(inherited)";
				SWIFT_OPTIMIZATION_LEVEL = "-Onone";
			};
			name = Debug;
		};
		8D0CC06B2B0BCADF0009E488 /* Release */ = {
			isa = XCBuildConfiguration;
			buildSettings = {
				ALWAYS_SEARCH_USER_PATHS = NO;
				ASSETCATALOG_COMPILER_GENERATE_SWIFT_ASSET_SYMBOL_EXTENSIONS = YES;
				CLANG_ANALYZER_NONNULL = YES;
				CLANG_ANALYZER_NUMBER_OBJECT_CONVERSION = YES_AGGRESSIVE;
				CLANG_CXX_LANGUAGE_STANDARD = "gnu++20";
				CLANG_ENABLE_MODULES = YES;
				CLANG_ENABLE_OBJC_ARC = YES;
				CLANG_ENABLE_OBJC_WEAK = YES;
				CLANG_WARN_BLOCK_CAPTURE_AUTORELEASING = YES;
				CLANG_WARN_BOOL_CONVERSION = YES;
				CLANG_WARN_COMMA = YES;
				CLANG_WARN_CONSTANT_CONVERSION = YES;
				CLANG_WARN_DEPRECATED_OBJC_IMPLEMENTATIONS = YES;
				CLANG_WARN_DIRECT_OBJC_ISA_USAGE = YES_ERROR;
				CLANG_WARN_DOCUMENTATION_COMMENTS = YES;
				CLANG_WARN_EMPTY_BODY = YES;
				CLANG_WARN_ENUM_CONVERSION = YES;
				CLANG_WARN_INFINITE_RECURSION = YES;
				CLANG_WARN_INT_CONVERSION = YES;
				CLANG_WARN_NON_LITERAL_NULL_CONVERSION = YES;
				CLANG_WARN_OBJC_IMPLICIT_RETAIN_SELF = YES;
				CLANG_WARN_OBJC_LITERAL_CONVERSION = YES;
				CLANG_WARN_OBJC_ROOT_CLASS = YES_ERROR;
				CLANG_WARN_QUOTED_INCLUDE_IN_FRAMEWORK_HEADER = YES;
				CLANG_WARN_RANGE_LOOP_ANALYSIS = YES;
				CLANG_WARN_STRICT_PROTOTYPES = YES;
				CLANG_WARN_SUSPICIOUS_MOVE = YES;
				CLANG_WARN_UNGUARDED_AVAILABILITY = YES_AGGRESSIVE;
				CLANG_WARN_UNREACHABLE_CODE = YES;
				CLANG_WARN__DUPLICATE_METHOD_MATCH = YES;
				COPY_PHASE_STRIP = NO;
				DEBUG_INFORMATION_FORMAT = "dwarf-with-dsym";
				ENABLE_NS_ASSERTIONS = NO;
				ENABLE_STRICT_OBJC_MSGSEND = YES;
				ENABLE_USER_SCRIPT_SANDBOXING = YES;
				GCC_C_LANGUAGE_STANDARD = gnu17;
				GCC_NO_COMMON_BLOCKS = YES;
				GCC_WARN_64_TO_32_BIT_CONVERSION = YES;
				GCC_WARN_ABOUT_RETURN_TYPE = YES_ERROR;
				GCC_WARN_UNDECLARED_SELECTOR = YES;
				GCC_WARN_UNINITIALIZED_AUTOS = YES_AGGRESSIVE;
				GCC_WARN_UNUSED_FUNCTION = YES;
				GCC_WARN_UNUSED_VARIABLE = YES;
				LOCALIZATION_PREFERS_STRING_CATALOGS = YES;
				MTL_ENABLE_DEBUG_INFO = NO;
				MTL_FAST_MATH = YES;
				SWIFT_COMPILATION_MODE = wholemodule;
			};
			name = Release;
		};
		8D0CC06D2B0BCADF0009E488 /* Debug */ = {
			isa = XCBuildConfiguration;
			buildSettings = {
				ASSETCATALOG_COMPILER_APPICON_NAME = AppIcon;
				ASSETCATALOG_COMPILER_GLOBAL_ACCENT_COLOR_NAME = AccentColor;
				CODE_SIGN_ENTITLEMENTS = PokedexCombine/PokedexCombine.entitlements;
				CODE_SIGN_STYLE = Automatic;
				CURRENT_PROJECT_VERSION = 1;
				DEVELOPMENT_ASSET_PATHS = "\"PokedexCombine/Preview Content\"";
				DEVELOPMENT_TEAM = TJMJV7ZV7T;
				ENABLE_HARDENED_RUNTIME = YES;
				ENABLE_PREVIEWS = YES;
				GENERATE_INFOPLIST_FILE = YES;
				"INFOPLIST_KEY_UIApplicationSceneManifest_Generation[sdk=iphoneos*]" = YES;
				"INFOPLIST_KEY_UIApplicationSceneManifest_Generation[sdk=iphonesimulator*]" = YES;
				"INFOPLIST_KEY_UIApplicationSupportsIndirectInputEvents[sdk=iphoneos*]" = YES;
				"INFOPLIST_KEY_UIApplicationSupportsIndirectInputEvents[sdk=iphonesimulator*]" = YES;
				"INFOPLIST_KEY_UILaunchScreen_Generation[sdk=iphoneos*]" = YES;
				"INFOPLIST_KEY_UILaunchScreen_Generation[sdk=iphonesimulator*]" = YES;
				"INFOPLIST_KEY_UIStatusBarStyle[sdk=iphoneos*]" = UIStatusBarStyleDefault;
				"INFOPLIST_KEY_UIStatusBarStyle[sdk=iphonesimulator*]" = UIStatusBarStyleDefault;
				INFOPLIST_KEY_UISupportedInterfaceOrientations_iPad = "UIInterfaceOrientationPortrait UIInterfaceOrientationPortraitUpsideDown UIInterfaceOrientationLandscapeLeft UIInterfaceOrientationLandscapeRight";
				INFOPLIST_KEY_UISupportedInterfaceOrientations_iPhone = "UIInterfaceOrientationPortrait UIInterfaceOrientationLandscapeLeft UIInterfaceOrientationLandscapeRight";
				IPHONEOS_DEPLOYMENT_TARGET = 17.0;
				LD_RUNPATH_SEARCH_PATHS = "@executable_path/Frameworks";
				"LD_RUNPATH_SEARCH_PATHS[sdk=macosx*]" = "@executable_path/../Frameworks";
				MACOSX_DEPLOYMENT_TARGET = 14.0;
				MARKETING_VERSION = 1.0;
				PRODUCT_BUNDLE_IDENTIFIER = com.Marcos.PokedexCombine;
				PRODUCT_NAME = "$(TARGET_NAME)";
				SDKROOT = auto;
				SUPPORTED_PLATFORMS = "iphoneos iphonesimulator macosx";
				SWIFT_EMIT_LOC_STRINGS = YES;
				SWIFT_VERSION = 5.0;
				TARGETED_DEVICE_FAMILY = "1,2";
			};
			name = Debug;
		};
		8D0CC06E2B0BCADF0009E488 /* Release */ = {
			isa = XCBuildConfiguration;
			buildSettings = {
				ASSETCATALOG_COMPILER_APPICON_NAME = AppIcon;
				ASSETCATALOG_COMPILER_GLOBAL_ACCENT_COLOR_NAME = AccentColor;
				CODE_SIGN_ENTITLEMENTS = PokedexCombine/PokedexCombine.entitlements;
				CODE_SIGN_STYLE = Automatic;
				CURRENT_PROJECT_VERSION = 1;
				DEVELOPMENT_ASSET_PATHS = "\"PokedexCombine/Preview Content\"";
				DEVELOPMENT_TEAM = TJMJV7ZV7T;
				ENABLE_HARDENED_RUNTIME = YES;
				ENABLE_PREVIEWS = YES;
				GENERATE_INFOPLIST_FILE = YES;
				"INFOPLIST_KEY_UIApplicationSceneManifest_Generation[sdk=iphoneos*]" = YES;
				"INFOPLIST_KEY_UIApplicationSceneManifest_Generation[sdk=iphonesimulator*]" = YES;
				"INFOPLIST_KEY_UIApplicationSupportsIndirectInputEvents[sdk=iphoneos*]" = YES;
				"INFOPLIST_KEY_UIApplicationSupportsIndirectInputEvents[sdk=iphonesimulator*]" = YES;
				"INFOPLIST_KEY_UILaunchScreen_Generation[sdk=iphoneos*]" = YES;
				"INFOPLIST_KEY_UILaunchScreen_Generation[sdk=iphonesimulator*]" = YES;
				"INFOPLIST_KEY_UIStatusBarStyle[sdk=iphoneos*]" = UIStatusBarStyleDefault;
				"INFOPLIST_KEY_UIStatusBarStyle[sdk=iphonesimulator*]" = UIStatusBarStyleDefault;
				INFOPLIST_KEY_UISupportedInterfaceOrientations_iPad = "UIInterfaceOrientationPortrait UIInterfaceOrientationPortraitUpsideDown UIInterfaceOrientationLandscapeLeft UIInterfaceOrientationLandscapeRight";
				INFOPLIST_KEY_UISupportedInterfaceOrientations_iPhone = "UIInterfaceOrientationPortrait UIInterfaceOrientationLandscapeLeft UIInterfaceOrientationLandscapeRight";
				IPHONEOS_DEPLOYMENT_TARGET = 17.0;
				LD_RUNPATH_SEARCH_PATHS = "@executable_path/Frameworks";
				"LD_RUNPATH_SEARCH_PATHS[sdk=macosx*]" = "@executable_path/../Frameworks";
				MACOSX_DEPLOYMENT_TARGET = 14.0;
				MARKETING_VERSION = 1.0;
				PRODUCT_BUNDLE_IDENTIFIER = com.Marcos.PokedexCombine;
				PRODUCT_NAME = "$(TARGET_NAME)";
				SDKROOT = auto;
				SUPPORTED_PLATFORMS = "iphoneos iphonesimulator macosx";
				SWIFT_EMIT_LOC_STRINGS = YES;
				SWIFT_VERSION = 5.0;
				TARGETED_DEVICE_FAMILY = "1,2";
			};
			name = Release;
		};
		8D0CC0702B0BCADF0009E488 /* Debug */ = {
			isa = XCBuildConfiguration;
			buildSettings = {
				ALWAYS_EMBED_SWIFT_STANDARD_LIBRARIES = YES;
				BUNDLE_LOADER = "$(TEST_HOST)";
				CODE_SIGN_STYLE = Automatic;
				CURRENT_PROJECT_VERSION = 1;
				DEVELOPMENT_TEAM = TJMJV7ZV7T;
				GENERATE_INFOPLIST_FILE = YES;
				IPHONEOS_DEPLOYMENT_TARGET = 17.0;
				MACOSX_DEPLOYMENT_TARGET = 14.0;
				MARKETING_VERSION = 1.0;
				PRODUCT_BUNDLE_IDENTIFIER = com.Marcos.PokedexCombineTests;
				PRODUCT_NAME = "$(TARGET_NAME)";
				SDKROOT = auto;
				SUPPORTED_PLATFORMS = "iphoneos iphonesimulator macosx";
				SWIFT_EMIT_LOC_STRINGS = NO;
				SWIFT_VERSION = 5.0;
				TARGETED_DEVICE_FAMILY = "1,2";
				TEST_HOST = "$(BUILT_PRODUCTS_DIR)/PokedexCombine.app/$(BUNDLE_EXECUTABLE_FOLDER_PATH)/PokedexCombine";
			};
			name = Debug;
		};
		8D0CC0712B0BCADF0009E488 /* Release */ = {
			isa = XCBuildConfiguration;
			buildSettings = {
				ALWAYS_EMBED_SWIFT_STANDARD_LIBRARIES = YES;
				BUNDLE_LOADER = "$(TEST_HOST)";
				CODE_SIGN_STYLE = Automatic;
				CURRENT_PROJECT_VERSION = 1;
				DEVELOPMENT_TEAM = TJMJV7ZV7T;
				GENERATE_INFOPLIST_FILE = YES;
				IPHONEOS_DEPLOYMENT_TARGET = 17.0;
				MACOSX_DEPLOYMENT_TARGET = 14.0;
				MARKETING_VERSION = 1.0;
				PRODUCT_BUNDLE_IDENTIFIER = com.Marcos.PokedexCombineTests;
				PRODUCT_NAME = "$(TARGET_NAME)";
				SDKROOT = auto;
				SUPPORTED_PLATFORMS = "iphoneos iphonesimulator macosx";
				SWIFT_EMIT_LOC_STRINGS = NO;
				SWIFT_VERSION = 5.0;
				TARGETED_DEVICE_FAMILY = "1,2";
				TEST_HOST = "$(BUILT_PRODUCTS_DIR)/PokedexCombine.app/$(BUNDLE_EXECUTABLE_FOLDER_PATH)/PokedexCombine";
			};
			name = Release;
		};
		8D0CC0732B0BCADF0009E488 /* Debug */ = {
			isa = XCBuildConfiguration;
			buildSettings = {
				ALWAYS_EMBED_SWIFT_STANDARD_LIBRARIES = YES;
				CODE_SIGN_STYLE = Automatic;
				CURRENT_PROJECT_VERSION = 1;
				DEVELOPMENT_TEAM = TJMJV7ZV7T;
				GENERATE_INFOPLIST_FILE = YES;
				IPHONEOS_DEPLOYMENT_TARGET = 17.0;
				MACOSX_DEPLOYMENT_TARGET = 14.0;
				MARKETING_VERSION = 1.0;
				PRODUCT_BUNDLE_IDENTIFIER = com.Marcos.PokedexCombineUITests;
				PRODUCT_NAME = "$(TARGET_NAME)";
				SDKROOT = auto;
				SUPPORTED_PLATFORMS = "iphoneos iphonesimulator macosx";
				SWIFT_EMIT_LOC_STRINGS = NO;
				SWIFT_VERSION = 5.0;
				TARGETED_DEVICE_FAMILY = "1,2";
				TEST_TARGET_NAME = PokedexCombine;
			};
			name = Debug;
		};
		8D0CC0742B0BCADF0009E488 /* Release */ = {
			isa = XCBuildConfiguration;
			buildSettings = {
				ALWAYS_EMBED_SWIFT_STANDARD_LIBRARIES = YES;
				CODE_SIGN_STYLE = Automatic;
				CURRENT_PROJECT_VERSION = 1;
				DEVELOPMENT_TEAM = TJMJV7ZV7T;
				GENERATE_INFOPLIST_FILE = YES;
				IPHONEOS_DEPLOYMENT_TARGET = 17.0;
				MACOSX_DEPLOYMENT_TARGET = 14.0;
				MARKETING_VERSION = 1.0;
				PRODUCT_BUNDLE_IDENTIFIER = com.Marcos.PokedexCombineUITests;
				PRODUCT_NAME = "$(TARGET_NAME)";
				SDKROOT = auto;
				SUPPORTED_PLATFORMS = "iphoneos iphonesimulator macosx";
				SWIFT_EMIT_LOC_STRINGS = NO;
				SWIFT_VERSION = 5.0;
				TARGETED_DEVICE_FAMILY = "1,2";
				TEST_TARGET_NAME = PokedexCombine;
			};
			name = Release;
		};
/* End XCBuildConfiguration section */

/* Begin XCConfigurationList section */
		8D0CC03D2B0BCADD0009E488 /* Build configuration list for PBXProject "PokedexCombine" */ = {
			isa = XCConfigurationList;
			buildConfigurations = (
				8D0CC06A2B0BCADF0009E488 /* Debug */,
				8D0CC06B2B0BCADF0009E488 /* Release */,
			);
			defaultConfigurationIsVisible = 0;
			defaultConfigurationName = Release;
		};
		8D0CC06C2B0BCADF0009E488 /* Build configuration list for PBXNativeTarget "PokedexCombine" */ = {
			isa = XCConfigurationList;
			buildConfigurations = (
				8D0CC06D2B0BCADF0009E488 /* Debug */,
				8D0CC06E2B0BCADF0009E488 /* Release */,
			);
			defaultConfigurationIsVisible = 0;
			defaultConfigurationName = Release;
		};
		8D0CC06F2B0BCADF0009E488 /* Build configuration list for PBXNativeTarget "PokedexCombineTests" */ = {
			isa = XCConfigurationList;
			buildConfigurations = (
				8D0CC0702B0BCADF0009E488 /* Debug */,
				8D0CC0712B0BCADF0009E488 /* Release */,
			);
			defaultConfigurationIsVisible = 0;
			defaultConfigurationName = Release;
		};
		8D0CC0722B0BCADF0009E488 /* Build configuration list for PBXNativeTarget "PokedexCombineUITests" */ = {
			isa = XCConfigurationList;
			buildConfigurations = (
				8D0CC0732B0BCADF0009E488 /* Debug */,
				8D0CC0742B0BCADF0009E488 /* Release */,
			);
			defaultConfigurationIsVisible = 0;
			defaultConfigurationName = Release;
		};
/* End XCConfigurationList section */

/* Begin XCVersionGroup section */
		8D0CC0492B0BCADD0009E488 /* PokedexCombine.xcdatamodeld */ = {
			isa = XCVersionGroup;
			children = (
				8D0CC04A2B0BCADD0009E488 /* PokedexCombine.xcdatamodel */,
			);
			currentVersion = 8D0CC04A2B0BCADD0009E488 /* PokedexCombine.xcdatamodel */;
			path = PokedexCombine.xcdatamodeld;
			sourceTree = "<group>";
			versionGroupType = wrapper.xcdatamodel;
		};
/* End XCVersionGroup section */
	};
	rootObject = 8D0CC03A2B0BCADD0009E488 /* Project object */;
}
