// !$*UTF8*$!
{
	archiveVersion = 1;
	classes = {
	};
	objectVersion = 56;
	objects = {

/* Begin PBXBuildFile section */
		8D0387E22B851BD200EA1F05 /* PokemonListFirebaseResponse.swift in Sources */ = {isa = PBXBuildFile; fileRef = 8D0387E12B851BD200EA1F05 /* PokemonListFirebaseResponse.swift */; };
		8D0387E42B851E0100EA1F05 /* Extension+URLResponse.swift in Sources */ = {isa = PBXBuildFile; fileRef = 8D0387E32B851E0100EA1F05 /* Extension+URLResponse.swift */; };
		8D0387E62B851E8200EA1F05 /* PokemonsFirebaseService.swift in Sources */ = {isa = PBXBuildFile; fileRef = 8D0387E52B851E8200EA1F05 /* PokemonsFirebaseService.swift */; };
		8D0B81E62B1E5D12005E669D /* PokemonListCellView.swift in Sources */ = {isa = PBXBuildFile; fileRef = 8D0B81E52B1E5D12005E669D /* PokemonListCellView.swift */; };
		8D0B81E92B1E6934005E669D /* PokemonTypes.swift in Sources */ = {isa = PBXBuildFile; fileRef = 8D0B81E82B1E6934005E669D /* PokemonTypes.swift */; };
		8D0CC0462B0BCADD0009E488 /* PokedexCombineApp.swift in Sources */ = {isa = PBXBuildFile; fileRef = 8D0CC0452B0BCADD0009E488 /* PokedexCombineApp.swift */; };
		8D0CC0482B0BCADD0009E488 /* Persistence.swift in Sources */ = {isa = PBXBuildFile; fileRef = 8D0CC0472B0BCADD0009E488 /* Persistence.swift */; };
		8D0CC04B2B0BCADD0009E488 /* PokedexCombine.xcdatamodeld in Sources */ = {isa = PBXBuildFile; fileRef = 8D0CC0492B0BCADD0009E488 /* PokedexCombine.xcdatamodeld */; };
		8D0CC04F2B0BCADF0009E488 /* Assets.xcassets in Resources */ = {isa = PBXBuildFile; fileRef = 8D0CC04E2B0BCADF0009E488 /* Assets.xcassets */; };
		8D0CC0532B0BCADF0009E488 /* Preview Assets.xcassets in Resources */ = {isa = PBXBuildFile; fileRef = 8D0CC0522B0BCADF0009E488 /* Preview Assets.xcassets */; };
		8D0CC05D2B0BCADF0009E488 /* PokedexCombineTests.swift in Sources */ = {isa = PBXBuildFile; fileRef = 8D0CC05C2B0BCADF0009E488 /* PokedexCombineTests.swift */; };
		8D0CC0672B0BCADF0009E488 /* PokedexCombineUITests.swift in Sources */ = {isa = PBXBuildFile; fileRef = 8D0CC0662B0BCADF0009E488 /* PokedexCombineUITests.swift */; };
		8D0CC0692B0BCADF0009E488 /* PokedexCombineUITestsLaunchTests.swift in Sources */ = {isa = PBXBuildFile; fileRef = 8D0CC0682B0BCADF0009E488 /* PokedexCombineUITestsLaunchTests.swift */; };
		8D75D63D2B93469700D51034 /* MainView.swift in Sources */ = {isa = PBXBuildFile; fileRef = 8D75D63C2B93469700D51034 /* MainView.swift */; };
		8D9ACC242B84AE2200EB546E /* GoogleService-Info.plist in Resources */ = {isa = PBXBuildFile; fileRef = 8D9ACC232B84AE2200EB546E /* GoogleService-Info.plist */; };
		8D9ACC272B84AEA500EB546E /* FirebaseAnalytics in Frameworks */ = {isa = PBXBuildFile; productRef = 8D9ACC262B84AEA500EB546E /* FirebaseAnalytics */; };
		8D9ACC292B84AEA500EB546E /* FirebaseAnalyticsSwift in Frameworks */ = {isa = PBXBuildFile; productRef = 8D9ACC282B84AEA500EB546E /* FirebaseAnalyticsSwift */; };
		8D9ACC2B2B84AEA500EB546E /* FirebaseAnalyticsWithoutAdIdSupport in Frameworks */ = {isa = PBXBuildFile; productRef = 8D9ACC2A2B84AEA500EB546E /* FirebaseAnalyticsWithoutAdIdSupport */; };
		8D9ACC2D2B84AEA500EB546E /* FirebaseAppCheck in Frameworks */ = {isa = PBXBuildFile; productRef = 8D9ACC2C2B84AEA500EB546E /* FirebaseAppCheck */; };
		8D9ACC2F2B84AEA500EB546E /* FirebaseAuth in Frameworks */ = {isa = PBXBuildFile; productRef = 8D9ACC2E2B84AEA500EB546E /* FirebaseAuth */; };
		8D9ACC312B84AEA500EB546E /* FirebaseAuthCombine-Community in Frameworks */ = {isa = PBXBuildFile; productRef = 8D9ACC302B84AEA500EB546E /* FirebaseAuthCombine-Community */; };
		8D9ACC332B84AEA500EB546E /* FirebaseCrashlytics in Frameworks */ = {isa = PBXBuildFile; productRef = 8D9ACC322B84AEA500EB546E /* FirebaseCrashlytics */; };
		8D9ACC352B84AEA500EB546E /* FirebaseDatabaseSwift in Frameworks */ = {isa = PBXBuildFile; productRef = 8D9ACC342B84AEA500EB546E /* FirebaseDatabaseSwift */; };
		8D9ACC372B84AEA500EB546E /* FirebaseFirestoreCombine-Community in Frameworks */ = {isa = PBXBuildFile; productRef = 8D9ACC362B84AEA500EB546E /* FirebaseFirestoreCombine-Community */; };
		8D9ACC392B84AEA500EB546E /* FirebaseFirestoreSwift in Frameworks */ = {isa = PBXBuildFile; productRef = 8D9ACC382B84AEA500EB546E /* FirebaseFirestoreSwift */; };
		8D9ACC3B2B84AEA500EB546E /* FirebaseInAppMessagingSwift-Beta in Frameworks */ = {isa = PBXBuildFile; productRef = 8D9ACC3A2B84AEA500EB546E /* FirebaseInAppMessagingSwift-Beta */; };
		8D9ACC3D2B84AEA500EB546E /* FirebaseStorageCombine-Community in Frameworks */ = {isa = PBXBuildFile; productRef = 8D9ACC3C2B84AEA500EB546E /* FirebaseStorageCombine-Community */; };
		8DC9FC4E2B8FC4CF0051EE33 /* Extension+Color.swift in Sources */ = {isa = PBXBuildFile; fileRef = 8DC9FC4D2B8FC4CF0051EE33 /* Extension+Color.swift */; };
		8DC9FC502B8FCC5E0051EE33 /* UseCaseAuthProtocol.swift in Sources */ = {isa = PBXBuildFile; fileRef = 8DC9FC4F2B8FCC5E0051EE33 /* UseCaseAuthProtocol.swift */; };
		8DC9FC522B8FCD4E0051EE33 /* UseCaseAuth.swift in Sources */ = {isa = PBXBuildFile; fileRef = 8DC9FC512B8FCD4E0051EE33 /* UseCaseAuth.swift */; };
		8DC9FC542B8FEBEC0051EE33 /* User.swift in Sources */ = {isa = PBXBuildFile; fileRef = 8DC9FC532B8FEBEC0051EE33 /* User.swift */; };
		8DC9FC562B8FF11F0051EE33 /* AuthService.swift in Sources */ = {isa = PBXBuildFile; fileRef = 8DC9FC552B8FF11F0051EE33 /* AuthService.swift */; };
		8DD876C12B923FD000786D6A /* SignUpView.swift in Sources */ = {isa = PBXBuildFile; fileRef = 8DD876C02B923FD000786D6A /* SignUpView.swift */; };
		8DDCB02E2B9337FB00B7BFDE /* Launch Screen.storyboard in Resources */ = {isa = PBXBuildFile; fileRef = 8DDCB02D2B9337FB00B7BFDE /* Launch Screen.storyboard */; };
		8DDCB0312B93389200B7BFDE /* Lottie in Frameworks */ = {isa = PBXBuildFile; productRef = 8DDCB0302B93389200B7BFDE /* Lottie */; };
		8DDCB0382B933F6F00B7BFDE /* PokeballAnimation.json in Resources */ = {isa = PBXBuildFile; fileRef = 8DDCB0372B933F6F00B7BFDE /* PokeballAnimation.json */; };
		8DF23C7A2B8E61AF00FA7840 /* LoginView.swift in Sources */ = {isa = PBXBuildFile; fileRef = 8DF23C792B8E61AF00FA7840 /* LoginView.swift */; };
		8DF23C7C2B8E637400FA7840 /* AuthViewModel.swift in Sources */ = {isa = PBXBuildFile; fileRef = 8DF23C7B2B8E637400FA7840 /* AuthViewModel.swift */; };
		8DFB25CD2B14AC79005E125B /* PokemonsService.swift in Sources */ = {isa = PBXBuildFile; fileRef = 8DFB25CC2B14AC79005E125B /* PokemonsService.swift */; };
		8DFB25CF2B14ACEB005E125B /* Constants.swift in Sources */ = {isa = PBXBuildFile; fileRef = 8DFB25CE2B14ACEB005E125B /* Constants.swift */; };
		8DFB25D12B14B38F005E125B /* PokemonListResponse.swift in Sources */ = {isa = PBXBuildFile; fileRef = 8DFB25D02B14B38F005E125B /* PokemonListResponse.swift */; };
		8DFB25D32B14B501005E125B /* PokemonDetailResponse.swift in Sources */ = {isa = PBXBuildFile; fileRef = 8DFB25D22B14B501005E125B /* PokemonDetailResponse.swift */; };
		8DFB25D52B14B788005E125B /* Pokemon.swift in Sources */ = {isa = PBXBuildFile; fileRef = 8DFB25D42B14B788005E125B /* Pokemon.swift */; };
		8DFB25D72B150D74005E125B /* UseCasePokemonList.swift in Sources */ = {isa = PBXBuildFile; fileRef = 8DFB25D62B150D74005E125B /* UseCasePokemonList.swift */; };
		8DFB25D92B150EAC005E125B /* UseCasePokemonListProtocol.swift in Sources */ = {isa = PBXBuildFile; fileRef = 8DFB25D82B150EAC005E125B /* UseCasePokemonListProtocol.swift */; };
		8DFB25DF2B1514C0005E125B /* PokemonListViewModel.swift in Sources */ = {isa = PBXBuildFile; fileRef = 8DFB25DE2B1514C0005E125B /* PokemonListViewModel.swift */; };
		8DFB25E12B165505005E125B /* PokemonListView.swift in Sources */ = {isa = PBXBuildFile; fileRef = 8DFB25E02B165505005E125B /* PokemonListView.swift */; };
/* End PBXBuildFile section */

/* Begin PBXContainerItemProxy section */
		8D0CC0592B0BCADF0009E488 /* PBXContainerItemProxy */ = {
			isa = PBXContainerItemProxy;
			containerPortal = 8D0CC03A2B0BCADD0009E488 /* Project object */;
			proxyType = 1;
			remoteGlobalIDString = 8D0CC0412B0BCADD0009E488;
			remoteInfo = PokedexCombine;
		};
		8D0CC0632B0BCADF0009E488 /* PBXContainerItemProxy */ = {
			isa = PBXContainerItemProxy;
			containerPortal = 8D0CC03A2B0BCADD0009E488 /* Project object */;
			proxyType = 1;
			remoteGlobalIDString = 8D0CC0412B0BCADD0009E488;
			remoteInfo = PokedexCombine;
		};
/* End PBXContainerItemProxy section */

/* Begin PBXFileReference section */
		8D0387E12B851BD200EA1F05 /* PokemonListFirebaseResponse.swift */ = {isa = PBXFileReference; lastKnownFileType = sourcecode.swift; path = PokemonListFirebaseResponse.swift; sourceTree = "<group>"; };
		8D0387E32B851E0100EA1F05 /* Extension+URLResponse.swift */ = {isa = PBXFileReference; lastKnownFileType = sourcecode.swift; name = "Extension+URLResponse.swift"; path = "PokedexCombine/Data/Network/Models/Extension+URLResponse.swift"; sourceTree = SOURCE_ROOT; };
		8D0387E52B851E8200EA1F05 /* PokemonsFirebaseService.swift */ = {isa = PBXFileReference; lastKnownFileType = sourcecode.swift; path = PokemonsFirebaseService.swift; sourceTree = "<group>"; };
		8D0B81E52B1E5D12005E669D /* PokemonListCellView.swift */ = {isa = PBXFileReference; lastKnownFileType = sourcecode.swift; path = PokemonListCellView.swift; sourceTree = "<group>"; };
		8D0B81E82B1E6934005E669D /* PokemonTypes.swift */ = {isa = PBXFileReference; lastKnownFileType = sourcecode.swift; path = PokemonTypes.swift; sourceTree = "<group>"; };
		8D0CC0422B0BCADD0009E488 /* PokedexCombine.app */ = {isa = PBXFileReference; explicitFileType = wrapper.application; includeInIndex = 0; path = PokedexCombine.app; sourceTree = BUILT_PRODUCTS_DIR; };
		8D0CC0452B0BCADD0009E488 /* PokedexCombineApp.swift */ = {isa = PBXFileReference; lastKnownFileType = sourcecode.swift; path = PokedexCombineApp.swift; sourceTree = "<group>"; };
		8D0CC0472B0BCADD0009E488 /* Persistence.swift */ = {isa = PBXFileReference; lastKnownFileType = sourcecode.swift; path = Persistence.swift; sourceTree = "<group>"; };
		8D0CC04A2B0BCADD0009E488 /* PokedexCombine.xcdatamodel */ = {isa = PBXFileReference; lastKnownFileType = wrapper.xcdatamodel; path = PokedexCombine.xcdatamodel; sourceTree = "<group>"; };
		8D0CC04E2B0BCADF0009E488 /* Assets.xcassets */ = {isa = PBXFileReference; lastKnownFileType = folder.assetcatalog; path = Assets.xcassets; sourceTree = "<group>"; };
		8D0CC0502B0BCADF0009E488 /* PokedexCombine.entitlements */ = {isa = PBXFileReference; lastKnownFileType = text.plist.entitlements; path = PokedexCombine.entitlements; sourceTree = "<group>"; };
		8D0CC0522B0BCADF0009E488 /* Preview Assets.xcassets */ = {isa = PBXFileReference; lastKnownFileType = folder.assetcatalog; path = "Preview Assets.xcassets"; sourceTree = "<group>"; };
		8D0CC0582B0BCADF0009E488 /* PokedexCombineTests.xctest */ = {isa = PBXFileReference; explicitFileType = wrapper.cfbundle; includeInIndex = 0; path = PokedexCombineTests.xctest; sourceTree = BUILT_PRODUCTS_DIR; };
		8D0CC05C2B0BCADF0009E488 /* PokedexCombineTests.swift */ = {isa = PBXFileReference; lastKnownFileType = sourcecode.swift; path = PokedexCombineTests.swift; sourceTree = "<group>"; };
		8D0CC0622B0BCADF0009E488 /* PokedexCombineUITests.xctest */ = {isa = PBXFileReference; explicitFileType = wrapper.cfbundle; includeInIndex = 0; path = PokedexCombineUITests.xctest; sourceTree = BUILT_PRODUCTS_DIR; };
		8D0CC0662B0BCADF0009E488 /* PokedexCombineUITests.swift */ = {isa = PBXFileReference; lastKnownFileType = sourcecode.swift; path = PokedexCombineUITests.swift; sourceTree = "<group>"; };
		8D0CC0682B0BCADF0009E488 /* PokedexCombineUITestsLaunchTests.swift */ = {isa = PBXFileReference; lastKnownFileType = sourcecode.swift; path = PokedexCombineUITestsLaunchTests.swift; sourceTree = "<group>"; };
		8D75D63C2B93469700D51034 /* MainView.swift */ = {isa = PBXFileReference; lastKnownFileType = sourcecode.swift; path = MainView.swift; sourceTree = "<group>"; };
		8D9ACC232B84AE2200EB546E /* GoogleService-Info.plist */ = {isa = PBXFileReference; fileEncoding = 4; lastKnownFileType = text.plist.xml; path = "GoogleService-Info.plist"; sourceTree = "<group>"; };
		8DC9FC4D2B8FC4CF0051EE33 /* Extension+Color.swift */ = {isa = PBXFileReference; lastKnownFileType = sourcecode.swift; name = "Extension+Color.swift"; path = "PokedexCombine/Presentation/ViewModels/Extension+Color.swift"; sourceTree = SOURCE_ROOT; };
		8DC9FC4F2B8FCC5E0051EE33 /* UseCaseAuthProtocol.swift */ = {isa = PBXFileReference; lastKnownFileType = sourcecode.swift; path = UseCaseAuthProtocol.swift; sourceTree = "<group>"; };
		8DC9FC512B8FCD4E0051EE33 /* UseCaseAuth.swift */ = {isa = PBXFileReference; lastKnownFileType = sourcecode.swift; path = UseCaseAuth.swift; sourceTree = "<group>"; };
		8DC9FC532B8FEBEC0051EE33 /* User.swift */ = {isa = PBXFileReference; lastKnownFileType = sourcecode.swift; path = User.swift; sourceTree = "<group>"; };
		8DC9FC552B8FF11F0051EE33 /* AuthService.swift */ = {isa = PBXFileReference; lastKnownFileType = sourcecode.swift; path = AuthService.swift; sourceTree = "<group>"; };
		8DD876C02B923FD000786D6A /* SignUpView.swift */ = {isa = PBXFileReference; lastKnownFileType = sourcecode.swift; path = SignUpView.swift; sourceTree = "<group>"; };
		8DDCB02D2B9337FB00B7BFDE /* Launch Screen.storyboard */ = {isa = PBXFileReference; lastKnownFileType = file.storyboard; path = "Launch Screen.storyboard"; sourceTree = "<group>"; };
		8DDCB0372B933F6F00B7BFDE /* PokeballAnimation.json */ = {isa = PBXFileReference; fileEncoding = 4; lastKnownFileType = text.json; path = PokeballAnimation.json; sourceTree = "<group>"; };
		8DF23C792B8E61AF00FA7840 /* LoginView.swift */ = {isa = PBXFileReference; lastKnownFileType = sourcecode.swift; path = LoginView.swift; sourceTree = "<group>"; };
		8DF23C7B2B8E637400FA7840 /* AuthViewModel.swift */ = {isa = PBXFileReference; lastKnownFileType = sourcecode.swift; path = AuthViewModel.swift; sourceTree = "<group>"; };
		8DFB25CC2B14AC79005E125B /* PokemonsService.swift */ = {isa = PBXFileReference; lastKnownFileType = sourcecode.swift; path = PokemonsService.swift; sourceTree = "<group>"; };
		8DFB25CE2B14ACEB005E125B /* Constants.swift */ = {isa = PBXFileReference; lastKnownFileType = sourcecode.swift; path = Constants.swift; sourceTree = "<group>"; };
		8DFB25D02B14B38F005E125B /* PokemonListResponse.swift */ = {isa = PBXFileReference; lastKnownFileType = sourcecode.swift; path = PokemonListResponse.swift; sourceTree = "<group>"; };
		8DFB25D22B14B501005E125B /* PokemonDetailResponse.swift */ = {isa = PBXFileReference; lastKnownFileType = sourcecode.swift; path = PokemonDetailResponse.swift; sourceTree = "<group>"; };
		8DFB25D42B14B788005E125B /* Pokemon.swift */ = {isa = PBXFileReference; lastKnownFileType = sourcecode.swift; path = Pokemon.swift; sourceTree = "<group>"; };
		8DFB25D62B150D74005E125B /* UseCasePokemonList.swift */ = {isa = PBXFileReference; lastKnownFileType = sourcecode.swift; path = UseCasePokemonList.swift; sourceTree = "<group>"; };
		8DFB25D82B150EAC005E125B /* UseCasePokemonListProtocol.swift */ = {isa = PBXFileReference; lastKnownFileType = sourcecode.swift; path = UseCasePokemonListProtocol.swift; sourceTree = "<group>"; };
		8DFB25DE2B1514C0005E125B /* PokemonListViewModel.swift */ = {isa = PBXFileReference; lastKnownFileType = sourcecode.swift; path = PokemonListViewModel.swift; sourceTree = "<group>"; };
		8DFB25E02B165505005E125B /* PokemonListView.swift */ = {isa = PBXFileReference; lastKnownFileType = sourcecode.swift; path = PokemonListView.swift; sourceTree = "<group>"; };
/* End PBXFileReference section */

/* Begin PBXFrameworksBuildPhase section */
		8D0CC03F2B0BCADD0009E488 /* Frameworks */ = {
			isa = PBXFrameworksBuildPhase;
			buildActionMask = 2147483647;
			files = (
				8DDCB0312B93389200B7BFDE /* Lottie in Frameworks */,
				8D9ACC3B2B84AEA500EB546E /* FirebaseInAppMessagingSwift-Beta in Frameworks */,
				8D9ACC352B84AEA500EB546E /* FirebaseDatabaseSwift in Frameworks */,
				8D9ACC2D2B84AEA500EB546E /* FirebaseAppCheck in Frameworks */,
				8D9ACC312B84AEA500EB546E /* FirebaseAuthCombine-Community in Frameworks */,
				8D9ACC372B84AEA500EB546E /* FirebaseFirestoreCombine-Community in Frameworks */,
				8D9ACC2F2B84AEA500EB546E /* FirebaseAuth in Frameworks */,
				8D9ACC392B84AEA500EB546E /* FirebaseFirestoreSwift in Frameworks */,
				8D9ACC332B84AEA500EB546E /* FirebaseCrashlytics in Frameworks */,
				8D9ACC292B84AEA500EB546E /* FirebaseAnalyticsSwift in Frameworks */,
				8D9ACC2B2B84AEA500EB546E /* FirebaseAnalyticsWithoutAdIdSupport in Frameworks */,
				8D9ACC3D2B84AEA500EB546E /* FirebaseStorageCombine-Community in Frameworks */,
				8D9ACC272B84AEA500EB546E /* FirebaseAnalytics in Frameworks */,
			);
			runOnlyForDeploymentPostprocessing = 0;
		};
		8D0CC0552B0BCADF0009E488 /* Frameworks */ = {
			isa = PBXFrameworksBuildPhase;
			buildActionMask = 2147483647;
			files = (
			);
			runOnlyForDeploymentPostprocessing = 0;
		};
		8D0CC05F2B0BCADF0009E488 /* Frameworks */ = {
			isa = PBXFrameworksBuildPhase;
			buildActionMask = 2147483647;
			files = (
			);
			runOnlyForDeploymentPostprocessing = 0;
		};
/* End PBXFrameworksBuildPhase section */

/* Begin PBXGroup section */
		8D0B81E72B1E6926005E669D /* Commons */ = {
			isa = PBXGroup;
			children = (
				8D0B81E82B1E6934005E669D /* PokemonTypes.swift */,
			);
			path = Commons;
			sourceTree = "<group>";
		};
		8D0CC0392B0BCADD0009E488 = {
			isa = PBXGroup;
			children = (
				8D0CC0442B0BCADD0009E488 /* PokedexCombine */,
				8D0CC05B2B0BCADF0009E488 /* PokedexCombineTests */,
				8D0CC0652B0BCADF0009E488 /* PokedexCombineUITests */,
				8D0CC0432B0BCADD0009E488 /* Products */,
			);
			sourceTree = "<group>";
		};
		8D0CC0432B0BCADD0009E488 /* Products */ = {
			isa = PBXGroup;
			children = (
				8D0CC0422B0BCADD0009E488 /* PokedexCombine.app */,
				8D0CC0582B0BCADF0009E488 /* PokedexCombineTests.xctest */,
				8D0CC0622B0BCADF0009E488 /* PokedexCombineUITests.xctest */,
			);
			name = Products;
			sourceTree = "<group>";
		};
		8D0CC0442B0BCADD0009E488 /* PokedexCombine */ = {
			isa = PBXGroup;
			children = (
				8DDCB0342B933EDA00B7BFDE /* Resources */,
				8DFB25C12B0FDE89005E125B /* Domain */,
				8DFB25C02B0FDE3F005E125B /* Data */,
				8D0CC0752B0BCC330009E488 /* Presentation */,
				8D0CC0452B0BCADD0009E488 /* PokedexCombineApp.swift */,
				8D0CC0472B0BCADD0009E488 /* Persistence.swift */,
				8D0CC04E2B0BCADF0009E488 /* Assets.xcassets */,
				8D0CC0502B0BCADF0009E488 /* PokedexCombine.entitlements */,
				8D0CC0492B0BCADD0009E488 /* PokedexCombine.xcdatamodeld */,
				8D9ACC232B84AE2200EB546E /* GoogleService-Info.plist */,
				8D0CC0512B0BCADF0009E488 /* Preview Content */,
			);
			path = PokedexCombine;
			sourceTree = "<group>";
		};
		8D0CC0512B0BCADF0009E488 /* Preview Content */ = {
			isa = PBXGroup;
			children = (
				8D0CC0522B0BCADF0009E488 /* Preview Assets.xcassets */,
			);
			path = "Preview Content";
			sourceTree = "<group>";
		};
		8D0CC05B2B0BCADF0009E488 /* PokedexCombineTests */ = {
			isa = PBXGroup;
			children = (
				8D0CC05C2B0BCADF0009E488 /* PokedexCombineTests.swift */,
			);
			path = PokedexCombineTests;
			sourceTree = "<group>";
		};
		8D0CC0652B0BCADF0009E488 /* PokedexCombineUITests */ = {
			isa = PBXGroup;
			children = (
				8D0CC0662B0BCADF0009E488 /* PokedexCombineUITests.swift */,
				8D0CC0682B0BCADF0009E488 /* PokedexCombineUITestsLaunchTests.swift */,
			);
			path = PokedexCombineUITests;
			sourceTree = "<group>";
		};
		8D0CC0752B0BCC330009E488 /* Presentation */ = {
			isa = PBXGroup;
			children = (
				8DFB25C92B0FE5FD005E125B /* ViewModels */,
				8DFB25C82B0FE5F5005E125B /* Views */,
			);
			path = Presentation;
			sourceTree = "<group>";
		};
		8D75D63B2B93466000D51034 /* MainScreen */ = {
			isa = PBXGroup;
			children = (
				8D75D63C2B93469700D51034 /* MainView.swift */,
			);
			path = MainScreen;
			sourceTree = "<group>";
		};
		8DD876BF2B923FBB00786D6A /* SignUp */ = {
			isa = PBXGroup;
			children = (
				8DD876C02B923FD000786D6A /* SignUpView.swift */,
			);
			path = SignUp;
			sourceTree = "<group>";
		};
		8DDCB02C2B9337D500B7BFDE /* LaunchScreen */ = {
			isa = PBXGroup;
			children = (
				8DDCB02D2B9337FB00B7BFDE /* Launch Screen.storyboard */,
			);
			path = LaunchScreen;
			sourceTree = "<group>";
		};
		8DDCB0342B933EDA00B7BFDE /* Resources */ = {
			isa = PBXGroup;
			children = (
				8DDCB0372B933F6F00B7BFDE /* PokeballAnimation.json */,
			);
			path = Resources;
			sourceTree = "<group>";
		};
		8DF23C782B8E5FC000FA7840 /* Login */ = {
			isa = PBXGroup;
			children = (
				8DF23C792B8E61AF00FA7840 /* LoginView.swift */,
			);
			path = Login;
			sourceTree = "<group>";
		};
		8DFB25C02B0FDE3F005E125B /* Data */ = {
			isa = PBXGroup;
			children = (
				8DFB25C32B0FE418005E125B /* Repository */,
				8DFB25C22B0FE412005E125B /* Network */,
			);
			path = Data;
			sourceTree = "<group>";
		};
		8DFB25C12B0FDE89005E125B /* Domain */ = {
			isa = PBXGroup;
			children = (
				8DFB25C72B0FE5BF005E125B /* UseCases */,
				8DFB25C62B0FE5B6005E125B /* Protocols */,
				8DFB25C52B0FE5A9005E125B /* Models */,
				8DFB25C42B0FE508005E125B /* Extensions */,
				8D0B81E72B1E6926005E669D /* Commons */,
			);
			path = Domain;
			sourceTree = "<group>";
		};
		8DFB25C22B0FE412005E125B /* Network */ = {
			isa = PBXGroup;
			children = (
				8DFB25CA2B14AC32005E125B /* Models */,
				8DFB25CB2B14AC3B005E125B /* Services */,
			);
			path = Network;
			sourceTree = "<group>";
		};
		8DFB25C32B0FE418005E125B /* Repository */ = {
			isa = PBXGroup;
			children = (
			);
			path = Repository;
			sourceTree = "<group>";
		};
		8DFB25C42B0FE508005E125B /* Extensions */ = {
			isa = PBXGroup;
			children = (
				8D0387E32B851E0100EA1F05 /* Extension+URLResponse.swift */,
				8DC9FC4D2B8FC4CF0051EE33 /* Extension+Color.swift */,
			);
			path = Extensions;
			sourceTree = "<group>";
		};
		8DFB25C52B0FE5A9005E125B /* Models */ = {
			isa = PBXGroup;
			children = (
				8DFB25D42B14B788005E125B /* Pokemon.swift */,
				8DC9FC532B8FEBEC0051EE33 /* User.swift */,
			);
			path = Models;
			sourceTree = "<group>";
		};
		8DFB25C62B0FE5B6005E125B /* Protocols */ = {
			isa = PBXGroup;
			children = (
				8DFB25D82B150EAC005E125B /* UseCasePokemonListProtocol.swift */,
				8DC9FC4F2B8FCC5E0051EE33 /* UseCaseAuthProtocol.swift */,
			);
			path = Protocols;
			sourceTree = "<group>";
		};
		8DFB25C72B0FE5BF005E125B /* UseCases */ = {
			isa = PBXGroup;
			children = (
				8DFB25D62B150D74005E125B /* UseCasePokemonList.swift */,
				8DC9FC512B8FCD4E0051EE33 /* UseCaseAuth.swift */,
			);
			path = UseCases;
			sourceTree = "<group>";
		};
		8DFB25C82B0FE5F5005E125B /* Views */ = {
			isa = PBXGroup;
			children = (
				8D75D63B2B93466000D51034 /* MainScreen */,
				8DDCB02C2B9337D500B7BFDE /* LaunchScreen */,
				8DD876BF2B923FBB00786D6A /* SignUp */,
				8DF23C782B8E5FC000FA7840 /* Login */,
				8DFB25DC2B151319005E125B /* PokemonList */,
			);
			path = Views;
			sourceTree = "<group>";
		};
		8DFB25C92B0FE5FD005E125B /* ViewModels */ = {
			isa = PBXGroup;
			children = (
				8DFB25DE2B1514C0005E125B /* PokemonListViewModel.swift */,
				8DF23C7B2B8E637400FA7840 /* AuthViewModel.swift */,
			);
			path = ViewModels;
			sourceTree = "<group>";
		};
		8DFB25CA2B14AC32005E125B /* Models */ = {
			isa = PBXGroup;
			children = (
				8DFB25D02B14B38F005E125B /* PokemonListResponse.swift */,
				8DFB25D22B14B501005E125B /* PokemonDetailResponse.swift */,
				8D0387E12B851BD200EA1F05 /* PokemonListFirebaseResponse.swift */,
			);
			path = Models;
			sourceTree = "<group>";
		};
		8DFB25CB2B14AC3B005E125B /* Services */ = {
			isa = PBXGroup;
			children = (
				8DFB25CC2B14AC79005E125B /* PokemonsService.swift */,
				8DFB25CE2B14ACEB005E125B /* Constants.swift */,
				8D0387E52B851E8200EA1F05 /* PokemonsFirebaseService.swift */,
				8DC9FC552B8FF11F0051EE33 /* AuthService.swift */,
			);
			path = Services;
			sourceTree = "<group>";
		};
		8DFB25DC2B151319005E125B /* PokemonList */ = {
			isa = PBXGroup;
			children = (
				8DFB25E02B165505005E125B /* PokemonListView.swift */,
				8D0B81E52B1E5D12005E669D /* PokemonListCellView.swift */,
			);
			path = PokemonList;
			sourceTree = "<group>";
		};
/* End PBXGroup section */

/* Begin PBXNativeTarget section */
		8D0CC0412B0BCADD0009E488 /* PokedexCombine */ = {
			isa = PBXNativeTarget;
			buildConfigurationList = 8D0CC06C2B0BCADF0009E488 /* Build configuration list for PBXNativeTarget "PokedexCombine" */;
			buildPhases = (
				8D0CC03E2B0BCADD0009E488 /* Sources */,
				8D0CC03F2B0BCADD0009E488 /* Frameworks */,
				8D0CC0402B0BCADD0009E488 /* Resources */,
			);
			buildRules = (
			);
			dependencies = (
			);
			name = PokedexCombine;
			packageProductDependencies = (
				8D9ACC262B84AEA500EB546E /* FirebaseAnalytics */,
				8D9ACC282B84AEA500EB546E /* FirebaseAnalyticsSwift */,
				8D9ACC2A2B84AEA500EB546E /* FirebaseAnalyticsWithoutAdIdSupport */,
				8D9ACC2C2B84AEA500EB546E /* FirebaseAppCheck */,
				8D9ACC2E2B84AEA500EB546E /* FirebaseAuth */,
				8D9ACC302B84AEA500EB546E /* FirebaseAuthCombine-Community */,
				8D9ACC322B84AEA500EB546E /* FirebaseCrashlytics */,
				8D9ACC342B84AEA500EB546E /* FirebaseDatabaseSwift */,
				8D9ACC362B84AEA500EB546E /* FirebaseFirestoreCombine-Community */,
				8D9ACC382B84AEA500EB546E /* FirebaseFirestoreSwift */,
				8D9ACC3A2B84AEA500EB546E /* FirebaseInAppMessagingSwift-Beta */,
				8D9ACC3C2B84AEA500EB546E /* FirebaseStorageCombine-Community */,
				8DDCB0302B93389200B7BFDE /* Lottie */,
			);
			productName = PokedexCombine;
			productReference = 8D0CC0422B0BCADD0009E488 /* PokedexCombine.app */;
			productType = "com.apple.product-type.application";
		};
		8D0CC0572B0BCADF0009E488 /* PokedexCombineTests */ = {
			isa = PBXNativeTarget;
			buildConfigurationList = 8D0CC06F2B0BCADF0009E488 /* Build configuration list for PBXNativeTarget "PokedexCombineTests" */;
			buildPhases = (
				8D0CC0542B0BCADF0009E488 /* Sources */,
				8D0CC0552B0BCADF0009E488 /* Frameworks */,
				8D0CC0562B0BCADF0009E488 /* Resources */,
			);
			buildRules = (
			);
			dependencies = (
				8D0CC05A2B0BCADF0009E488 /* PBXTargetDependency */,
			);
			name = PokedexCombineTests;
			productName = PokedexCombineTests;
			productReference = 8D0CC0582B0BCADF0009E488 /* PokedexCombineTests.xctest */;
			productType = "com.apple.product-type.bundle.unit-test";
		};
		8D0CC0612B0BCADF0009E488 /* PokedexCombineUITests */ = {
			isa = PBXNativeTarget;
			buildConfigurationList = 8D0CC0722B0BCADF0009E488 /* Build configuration list for PBXNativeTarget "PokedexCombineUITests" */;
			buildPhases = (
				8D0CC05E2B0BCADF0009E488 /* Sources */,
				8D0CC05F2B0BCADF0009E488 /* Frameworks */,
				8D0CC0602B0BCADF0009E488 /* Resources */,
			);
			buildRules = (
			);
			dependencies = (
				8D0CC0642B0BCADF0009E488 /* PBXTargetDependency */,
			);
			name = PokedexCombineUITests;
			productName = PokedexCombineUITests;
			productReference = 8D0CC0622B0BCADF0009E488 /* PokedexCombineUITests.xctest */;
			productType = "com.apple.product-type.bundle.ui-testing";
		};
/* End PBXNativeTarget section */

/* Begin PBXProject section */
		8D0CC03A2B0BCADD0009E488 /* Project object */ = {
			isa = PBXProject;
			attributes = {
				BuildIndependentTargetsInParallel = 1;
				LastSwiftUpdateCheck = 1500;
				LastUpgradeCheck = 1500;
				TargetAttributes = {
					8D0CC0412B0BCADD0009E488 = {
						CreatedOnToolsVersion = 15.0.1;
					};
					8D0CC0572B0BCADF0009E488 = {
						CreatedOnToolsVersion = 15.0.1;
						TestTargetID = 8D0CC0412B0BCADD0009E488;
					};
					8D0CC0612B0BCADF0009E488 = {
						CreatedOnToolsVersion = 15.0.1;
						TestTargetID = 8D0CC0412B0BCADD0009E488;
					};
				};
			};
			buildConfigurationList = 8D0CC03D2B0BCADD0009E488 /* Build configuration list for PBXProject "PokedexCombine" */;
			compatibilityVersion = "Xcode 14.0";
			developmentRegion = en;
			hasScannedForEncodings = 0;
			knownRegions = (
				en,
				Base,
			);
			mainGroup = 8D0CC0392B0BCADD0009E488;
			packageReferences = (
				8D9ACC252B84AEA500EB546E /* XCRemoteSwiftPackageReference "firebase-ios-sdk" */,
				8DDCB02F2B93389200B7BFDE /* XCRemoteSwiftPackageReference "lottie-ios" */,
			);
			productRefGroup = 8D0CC0432B0BCADD0009E488 /* Products */;
			projectDirPath = "";
			projectRoot = "";
			targets = (
				8D0CC0412B0BCADD0009E488 /* PokedexCombine */,
				8D0CC0572B0BCADF0009E488 /* PokedexCombineTests */,
				8D0CC0612B0BCADF0009E488 /* PokedexCombineUITests */,
			);
		};
/* End PBXProject section */

/* Begin PBXResourcesBuildPhase section */
		8D0CC0402B0BCADD0009E488 /* Resources */ = {
			isa = PBXResourcesBuildPhase;
			buildActionMask = 2147483647;
			files = (
				8D0CC0532B0BCADF0009E488 /* Preview Assets.xcassets in Resources */,
				8DDCB0382B933F6F00B7BFDE /* PokeballAnimation.json in Resources */,
				8D0CC04F2B0BCADF0009E488 /* Assets.xcassets in Resources */,
				8DDCB02E2B9337FB00B7BFDE /* Launch Screen.storyboard in Resources */,
				8D9ACC242B84AE2200EB546E /* GoogleService-Info.plist in Resources */,
			);
			runOnlyForDeploymentPostprocessing = 0;
		};
		8D0CC0562B0BCADF0009E488 /* Resources */ = {
			isa = PBXResourcesBuildPhase;
			buildActionMask = 2147483647;
			files = (
			);
			runOnlyForDeploymentPostprocessing = 0;
		};
		8D0CC0602B0BCADF0009E488 /* Resources */ = {
			isa = PBXResourcesBuildPhase;
			buildActionMask = 2147483647;
			files = (
			);
			runOnlyForDeploymentPostprocessing = 0;
		};
/* End PBXResourcesBuildPhase section */

/* Begin PBXSourcesBuildPhase section */
		8D0CC03E2B0BCADD0009E488 /* Sources */ = {
			isa = PBXSourcesBuildPhase;
			buildActionMask = 2147483647;
			files = (
				8D0387E42B851E0100EA1F05 /* Extension+URLResponse.swift in Sources */,
				8D75D63D2B93469700D51034 /* MainView.swift in Sources */,
				8DFB25D72B150D74005E125B /* UseCasePokemonList.swift in Sources */,
				8D0CC0462B0BCADD0009E488 /* PokedexCombineApp.swift in Sources */,
				8DFB25E12B165505005E125B /* PokemonListView.swift in Sources */,
				8D0387E62B851E8200EA1F05 /* PokemonsFirebaseService.swift in Sources */,
				8DFB25D32B14B501005E125B /* PokemonDetailResponse.swift in Sources */,
				8D0B81E62B1E5D12005E669D /* PokemonListCellView.swift in Sources */,
				8DC9FC4E2B8FC4CF0051EE33 /* Extension+Color.swift in Sources */,
				8DFB25D92B150EAC005E125B /* UseCasePokemonListProtocol.swift in Sources */,
				8DFB25DF2B1514C0005E125B /* PokemonListViewModel.swift in Sources */,
				8D0CC04B2B0BCADD0009E488 /* PokedexCombine.xcdatamodeld in Sources */,
				8DC9FC502B8FCC5E0051EE33 /* UseCaseAuthProtocol.swift in Sources */,
				8D0387E22B851BD200EA1F05 /* PokemonListFirebaseResponse.swift in Sources */,
				8D0CC0482B0BCADD0009E488 /* Persistence.swift in Sources */,
				8DF23C7A2B8E61AF00FA7840 /* LoginView.swift in Sources */,
				8DC9FC562B8FF11F0051EE33 /* AuthService.swift in Sources */,
				8DFB25D52B14B788005E125B /* Pokemon.swift in Sources */,
				8DFB25D12B14B38F005E125B /* PokemonListResponse.swift in Sources */,
				8D0B81E92B1E6934005E669D /* PokemonTypes.swift in Sources */,
				8DFB25CD2B14AC79005E125B /* PokemonsService.swift in Sources */,
				8DF23C7C2B8E637400FA7840 /* AuthViewModel.swift in Sources */,
				8DFB25CF2B14ACEB005E125B /* Constants.swift in Sources */,
				8DC9FC522B8FCD4E0051EE33 /* UseCaseAuth.swift in Sources */,
				8DC9FC542B8FEBEC0051EE33 /* User.swift in Sources */,
				8DD876C12B923FD000786D6A /* SignUpView.swift in Sources */,
			);
			runOnlyForDeploymentPostprocessing = 0;
		};
		8D0CC0542B0BCADF0009E488 /* Sources */ = {
			isa = PBXSourcesBuildPhase;
			buildActionMask = 2147483647;
			files = (
				8D0CC05D2B0BCADF0009E488 /* PokedexCombineTests.swift in Sources */,
			);
			runOnlyForDeploymentPostprocessing = 0;
		};
		8D0CC05E2B0BCADF0009E488 /* Sources */ = {
			isa = PBXSourcesBuildPhase;
			buildActionMask = 2147483647;
			files = (
				8D0CC0672B0BCADF0009E488 /* PokedexCombineUITests.swift in Sources */,
				8D0CC0692B0BCADF0009E488 /* PokedexCombineUITestsLaunchTests.swift in Sources */,
			);
			runOnlyForDeploymentPostprocessing = 0;
		};
/* End PBXSourcesBuildPhase section */

/* Begin PBXTargetDependency section */
		8D0CC05A2B0BCADF0009E488 /* PBXTargetDependency */ = {
			isa = PBXTargetDependency;
			target = 8D0CC0412B0BCADD0009E488 /* PokedexCombine */;
			targetProxy = 8D0CC0592B0BCADF0009E488 /* PBXContainerItemProxy */;
		};
		8D0CC0642B0BCADF0009E488 /* PBXTargetDependency */ = {
			isa = PBXTargetDependency;
			target = 8D0CC0412B0BCADD0009E488 /* PokedexCombine */;
			targetProxy = 8D0CC0632B0BCADF0009E488 /* PBXContainerItemProxy */;
		};
/* End PBXTargetDependency section */

/* Begin XCBuildConfiguration section */
		8D0CC06A2B0BCADF0009E488 /* Debug */ = {
			isa = XCBuildConfiguration;
			buildSettings = {
				ALWAYS_SEARCH_USER_PATHS = NO;
				ASSETCATALOG_COMPILER_GENERATE_SWIFT_ASSET_SYMBOL_EXTENSIONS = YES;
				CLANG_ANALYZER_NONNULL = YES;
				CLANG_ANALYZER_NUMBER_OBJECT_CONVERSION = YES_AGGRESSIVE;
				CLANG_CXX_LANGUAGE_STANDARD = "gnu++20";
				CLANG_ENABLE_MODULES = YES;
				CLANG_ENABLE_OBJC_ARC = YES;
				CLANG_ENABLE_OBJC_WEAK = YES;
				CLANG_WARN_BLOCK_CAPTURE_AUTORELEASING = YES;
				CLANG_WARN_BOOL_CONVERSION = YES;
				CLANG_WARN_COMMA = YES;
				CLANG_WARN_CONSTANT_CONVERSION = YES;
				CLANG_WARN_DEPRECATED_OBJC_IMPLEMENTATIONS = YES;
				CLANG_WARN_DIRECT_OBJC_ISA_USAGE = YES_ERROR;
				CLANG_WARN_DOCUMENTATION_COMMENTS = YES;
				CLANG_WARN_EMPTY_BODY = YES;
				CLANG_WARN_ENUM_CONVERSION = YES;
				CLANG_WARN_INFINITE_RECURSION = YES;
				CLANG_WARN_INT_CONVERSION = YES;
				CLANG_WARN_NON_LITERAL_NULL_CONVERSION = YES;
				CLANG_WARN_OBJC_IMPLICIT_RETAIN_SELF = YES;
				CLANG_WARN_OBJC_LITERAL_CONVERSION = YES;
				CLANG_WARN_OBJC_ROOT_CLASS = YES_ERROR;
				CLANG_WARN_QUOTED_INCLUDE_IN_FRAMEWORK_HEADER = YES;
				CLANG_WARN_RANGE_LOOP_ANALYSIS = YES;
				CLANG_WARN_STRICT_PROTOTYPES = YES;
				CLANG_WARN_SUSPICIOUS_MOVE = YES;
				CLANG_WARN_UNGUARDED_AVAILABILITY = YES_AGGRESSIVE;
				CLANG_WARN_UNREACHABLE_CODE = YES;
				CLANG_WARN__DUPLICATE_METHOD_MATCH = YES;
				COPY_PHASE_STRIP = NO;
				DEBUG_INFORMATION_FORMAT = dwarf;
				ENABLE_STRICT_OBJC_MSGSEND = YES;
				ENABLE_TESTABILITY = YES;
				ENABLE_USER_SCRIPT_SANDBOXING = YES;
				GCC_C_LANGUAGE_STANDARD = gnu17;
				GCC_DYNAMIC_NO_PIC = NO;
				GCC_NO_COMMON_BLOCKS = YES;
				GCC_OPTIMIZATION_LEVEL = 0;
				GCC_PREPROCESSOR_DEFINITIONS = (
					"DEBUG=1",
					"$(inherited)",
				);
				GCC_WARN_64_TO_32_BIT_CONVERSION = YES;
				GCC_WARN_ABOUT_RETURN_TYPE = YES_ERROR;
				GCC_WARN_UNDECLARED_SELECTOR = YES;
				GCC_WARN_UNINITIALIZED_AUTOS = YES_AGGRESSIVE;
				GCC_WARN_UNUSED_FUNCTION = YES;
				GCC_WARN_UNUSED_VARIABLE = YES;
				LOCALIZATION_PREFERS_STRING_CATALOGS = YES;
				MTL_ENABLE_DEBUG_INFO = INCLUDE_SOURCE;
				MTL_FAST_MATH = YES;
				ONLY_ACTIVE_ARCH = YES;
				SWIFT_ACTIVE_COMPILATION_CONDITIONS = "DEBUG $(inherited)";
				SWIFT_OPTIMIZATION_LEVEL = "-Onone";
			};
			name = Debug;
		};
		8D0CC06B2B0BCADF0009E488 /* Release */ = {
			isa = XCBuildConfiguration;
			buildSettings = {
				ALWAYS_SEARCH_USER_PATHS = NO;
				ASSETCATALOG_COMPILER_GENERATE_SWIFT_ASSET_SYMBOL_EXTENSIONS = YES;
				CLANG_ANALYZER_NONNULL = YES;
				CLANG_ANALYZER_NUMBER_OBJECT_CONVERSION = YES_AGGRESSIVE;
				CLANG_CXX_LANGUAGE_STANDARD = "gnu++20";
				CLANG_ENABLE_MODULES = YES;
				CLANG_ENABLE_OBJC_ARC = YES;
				CLANG_ENABLE_OBJC_WEAK = YES;
				CLANG_WARN_BLOCK_CAPTURE_AUTORELEASING = YES;
				CLANG_WARN_BOOL_CONVERSION = YES;
				CLANG_WARN_COMMA = YES;
				CLANG_WARN_CONSTANT_CONVERSION = YES;
				CLANG_WARN_DEPRECATED_OBJC_IMPLEMENTATIONS = YES;
				CLANG_WARN_DIRECT_OBJC_ISA_USAGE = YES_ERROR;
				CLANG_WARN_DOCUMENTATION_COMMENTS = YES;
				CLANG_WARN_EMPTY_BODY = YES;
				CLANG_WARN_ENUM_CONVERSION = YES;
				CLANG_WARN_INFINITE_RECURSION = YES;
				CLANG_WARN_INT_CONVERSION = YES;
				CLANG_WARN_NON_LITERAL_NULL_CONVERSION = YES;
				CLANG_WARN_OBJC_IMPLICIT_RETAIN_SELF = YES;
				CLANG_WARN_OBJC_LITERAL_CONVERSION = YES;
				CLANG_WARN_OBJC_ROOT_CLASS = YES_ERROR;
				CLANG_WARN_QUOTED_INCLUDE_IN_FRAMEWORK_HEADER = YES;
				CLANG_WARN_RANGE_LOOP_ANALYSIS = YES;
				CLANG_WARN_STRICT_PROTOTYPES = YES;
				CLANG_WARN_SUSPICIOUS_MOVE = YES;
				CLANG_WARN_UNGUARDED_AVAILABILITY = YES_AGGRESSIVE;
				CLANG_WARN_UNREACHABLE_CODE = YES;
				CLANG_WARN__DUPLICATE_METHOD_MATCH = YES;
				COPY_PHASE_STRIP = NO;
				DEBUG_INFORMATION_FORMAT = "dwarf-with-dsym";
				ENABLE_NS_ASSERTIONS = NO;
				ENABLE_STRICT_OBJC_MSGSEND = YES;
				ENABLE_USER_SCRIPT_SANDBOXING = YES;
				GCC_C_LANGUAGE_STANDARD = gnu17;
				GCC_NO_COMMON_BLOCKS = YES;
				GCC_WARN_64_TO_32_BIT_CONVERSION = YES;
				GCC_WARN_ABOUT_RETURN_TYPE = YES_ERROR;
				GCC_WARN_UNDECLARED_SELECTOR = YES;
				GCC_WARN_UNINITIALIZED_AUTOS = YES_AGGRESSIVE;
				GCC_WARN_UNUSED_FUNCTION = YES;
				GCC_WARN_UNUSED_VARIABLE = YES;
				LOCALIZATION_PREFERS_STRING_CATALOGS = YES;
				MTL_ENABLE_DEBUG_INFO = NO;
				MTL_FAST_MATH = YES;
				SWIFT_COMPILATION_MODE = wholemodule;
			};
			name = Release;
		};
		8D0CC06D2B0BCADF0009E488 /* Debug */ = {
			isa = XCBuildConfiguration;
			buildSettings = {
				ASSETCATALOG_COMPILER_APPICON_NAME = AppIcon;
				ASSETCATALOG_COMPILER_GLOBAL_ACCENT_COLOR_NAME = AccentColor;
				ASSETCATALOG_COMPILER_INCLUDE_ALL_APPICON_ASSETS = YES;
				CODE_SIGN_ENTITLEMENTS = PokedexCombine/PokedexCombine.entitlements;
				CODE_SIGN_STYLE = Automatic;
				CURRENT_PROJECT_VERSION = 1;
				DEVELOPMENT_ASSET_PATHS = "\"PokedexCombine/Preview Content\"";
				DEVELOPMENT_TEAM = TJMJV7ZV7T;
				ENABLE_HARDENED_RUNTIME = YES;
				ENABLE_PREVIEWS = YES;
				GENERATE_INFOPLIST_FILE = YES;
				"INFOPLIST_KEY_UIApplicationSceneManifest_Generation[sdk=iphoneos*]" = YES;
				"INFOPLIST_KEY_UIApplicationSceneManifest_Generation[sdk=iphonesimulator*]" = YES;
				"INFOPLIST_KEY_UIApplicationSupportsIndirectInputEvents[sdk=iphoneos*]" = YES;
				"INFOPLIST_KEY_UIApplicationSupportsIndirectInputEvents[sdk=iphonesimulator*]" = YES;
				"INFOPLIST_KEY_UILaunchScreen_Generation[sdk=iphoneos*]" = YES;
				"INFOPLIST_KEY_UILaunchScreen_Generation[sdk=iphonesimulator*]" = YES;
				INFOPLIST_KEY_UILaunchStoryboardName = "Launch Screen.storyboard";
				"INFOPLIST_KEY_UIStatusBarStyle[sdk=iphoneos*]" = UIStatusBarStyleDefault;
				"INFOPLIST_KEY_UIStatusBarStyle[sdk=iphonesimulator*]" = UIStatusBarStyleDefault;
				INFOPLIST_KEY_UISupportedInterfaceOrientations_iPad = "UIInterfaceOrientationPortrait UIInterfaceOrientationPortraitUpsideDown UIInterfaceOrientationLandscapeLeft UIInterfaceOrientationLandscapeRight";
				INFOPLIST_KEY_UISupportedInterfaceOrientations_iPhone = "UIInterfaceOrientationPortrait UIInterfaceOrientationLandscapeLeft UIInterfaceOrientationLandscapeRight";
				IPHONEOS_DEPLOYMENT_TARGET = 17.0;
				LD_RUNPATH_SEARCH_PATHS = "@executable_path/Frameworks";
				"LD_RUNPATH_SEARCH_PATHS[sdk=macosx*]" = "@executable_path/../Frameworks";
				MACOSX_DEPLOYMENT_TARGET = 14.0;
				MARKETING_VERSION = 1.0;
				PRODUCT_BUNDLE_IDENTIFIER = com.Marcos.PokedexCombine;
				PRODUCT_NAME = "$(TARGET_NAME)";
				SDKROOT = auto;
				SUPPORTED_PLATFORMS = "iphoneos iphonesimulator macosx";
				SWIFT_EMIT_LOC_STRINGS = YES;
				SWIFT_VERSION = 5.0;
				TARGETED_DEVICE_FAMILY = "1,2";
			};
			name = Debug;
		};
		8D0CC06E2B0BCADF0009E488 /* Release */ = {
			isa = XCBuildConfiguration;
			buildSettings = {
				ASSETCATALOG_COMPILER_APPICON_NAME = AppIcon;
				ASSETCATALOG_COMPILER_GLOBAL_ACCENT_COLOR_NAME = AccentColor;
				ASSETCATALOG_COMPILER_INCLUDE_ALL_APPICON_ASSETS = YES;
				CODE_SIGN_ENTITLEMENTS = PokedexCombine/PokedexCombine.entitlements;
				CODE_SIGN_STYLE = Automatic;
				CURRENT_PROJECT_VERSION = 1;
				DEVELOPMENT_ASSET_PATHS = "\"PokedexCombine/Preview Content\"";
				DEVELOPMENT_TEAM = TJMJV7ZV7T;
				ENABLE_HARDENED_RUNTIME = YES;
				ENABLE_PREVIEWS = YES;
				GENERATE_INFOPLIST_FILE = YES;
				"INFOPLIST_KEY_UIApplicationSceneManifest_Generation[sdk=iphoneos*]" = YES;
				"INFOPLIST_KEY_UIApplicationSceneManifest_Generation[sdk=iphonesimulator*]" = YES;
				"INFOPLIST_KEY_UIApplicationSupportsIndirectInputEvents[sdk=iphoneos*]" = YES;
				"INFOPLIST_KEY_UIApplicationSupportsIndirectInputEvents[sdk=iphonesimulator*]" = YES;
				"INFOPLIST_KEY_UILaunchScreen_Generation[sdk=iphoneos*]" = YES;
				"INFOPLIST_KEY_UILaunchScreen_Generation[sdk=iphonesimulator*]" = YES;
				INFOPLIST_KEY_UILaunchStoryboardName = "Launch Screen.storyboard";
				"INFOPLIST_KEY_UIStatusBarStyle[sdk=iphoneos*]" = UIStatusBarStyleDefault;
				"INFOPLIST_KEY_UIStatusBarStyle[sdk=iphonesimulator*]" = UIStatusBarStyleDefault;
				INFOPLIST_KEY_UISupportedInterfaceOrientations_iPad = "UIInterfaceOrientationPortrait UIInterfaceOrientationPortraitUpsideDown UIInterfaceOrientationLandscapeLeft UIInterfaceOrientationLandscapeRight";
				INFOPLIST_KEY_UISupportedInterfaceOrientations_iPhone = "UIInterfaceOrientationPortrait UIInterfaceOrientationLandscapeLeft UIInterfaceOrientationLandscapeRight";
				IPHONEOS_DEPLOYMENT_TARGET = 17.0;
				LD_RUNPATH_SEARCH_PATHS = "@executable_path/Frameworks";
				"LD_RUNPATH_SEARCH_PATHS[sdk=macosx*]" = "@executable_path/../Frameworks";
				MACOSX_DEPLOYMENT_TARGET = 14.0;
				MARKETING_VERSION = 1.0;
				PRODUCT_BUNDLE_IDENTIFIER = com.Marcos.PokedexCombine;
				PRODUCT_NAME = "$(TARGET_NAME)";
				SDKROOT = auto;
				SUPPORTED_PLATFORMS = "iphoneos iphonesimulator macosx";
				SWIFT_EMIT_LOC_STRINGS = YES;
				SWIFT_VERSION = 5.0;
				TARGETED_DEVICE_FAMILY = "1,2";
			};
			name = Release;
		};
		8D0CC0702B0BCADF0009E488 /* Debug */ = {
			isa = XCBuildConfiguration;
			buildSettings = {
				ALWAYS_EMBED_SWIFT_STANDARD_LIBRARIES = YES;
				BUNDLE_LOADER = "$(TEST_HOST)";
				CODE_SIGN_STYLE = Automatic;
				CURRENT_PROJECT_VERSION = 1;
				DEVELOPMENT_TEAM = TJMJV7ZV7T;
				GENERATE_INFOPLIST_FILE = YES;
				IPHONEOS_DEPLOYMENT_TARGET = 17.0;
				MACOSX_DEPLOYMENT_TARGET = 14.0;
				MARKETING_VERSION = 1.0;
				PRODUCT_BUNDLE_IDENTIFIER = com.Marcos.PokedexCombineTests;
				PRODUCT_NAME = "$(TARGET_NAME)";
				SDKROOT = auto;
				SUPPORTED_PLATFORMS = "iphoneos iphonesimulator macosx";
				SWIFT_EMIT_LOC_STRINGS = NO;
				SWIFT_VERSION = 5.0;
				TARGETED_DEVICE_FAMILY = "1,2";
				TEST_HOST = "$(BUILT_PRODUCTS_DIR)/PokedexCombine.app/$(BUNDLE_EXECUTABLE_FOLDER_PATH)/PokedexCombine";
			};
			name = Debug;
		};
		8D0CC0712B0BCADF0009E488 /* Release */ = {
			isa = XCBuildConfiguration;
			buildSettings = {
				ALWAYS_EMBED_SWIFT_STANDARD_LIBRARIES = YES;
				BUNDLE_LOADER = "$(TEST_HOST)";
				CODE_SIGN_STYLE = Automatic;
				CURRENT_PROJECT_VERSION = 1;
				DEVELOPMENT_TEAM = TJMJV7ZV7T;
				GENERATE_INFOPLIST_FILE = YES;
				IPHONEOS_DEPLOYMENT_TARGET = 17.0;
				MACOSX_DEPLOYMENT_TARGET = 14.0;
				MARKETING_VERSION = 1.0;
				PRODUCT_BUNDLE_IDENTIFIER = com.Marcos.PokedexCombineTests;
				PRODUCT_NAME = "$(TARGET_NAME)";
				SDKROOT = auto;
				SUPPORTED_PLATFORMS = "iphoneos iphonesimulator macosx";
				SWIFT_EMIT_LOC_STRINGS = NO;
				SWIFT_VERSION = 5.0;
				TARGETED_DEVICE_FAMILY = "1,2";
				TEST_HOST = "$(BUILT_PRODUCTS_DIR)/PokedexCombine.app/$(BUNDLE_EXECUTABLE_FOLDER_PATH)/PokedexCombine";
			};
			name = Release;
		};
		8D0CC0732B0BCADF0009E488 /* Debug */ = {
			isa = XCBuildConfiguration;
			buildSettings = {
				ALWAYS_EMBED_SWIFT_STANDARD_LIBRARIES = YES;
				CODE_SIGN_STYLE = Automatic;
				CURRENT_PROJECT_VERSION = 1;
				DEVELOPMENT_TEAM = TJMJV7ZV7T;
				GENERATE_INFOPLIST_FILE = YES;
				IPHONEOS_DEPLOYMENT_TARGET = 17.0;
				MACOSX_DEPLOYMENT_TARGET = 14.0;
				MARKETING_VERSION = 1.0;
				PRODUCT_BUNDLE_IDENTIFIER = com.Marcos.PokedexCombineUITests;
				PRODUCT_NAME = "$(TARGET_NAME)";
				SDKROOT = auto;
				SUPPORTED_PLATFORMS = "iphoneos iphonesimulator macosx";
				SWIFT_EMIT_LOC_STRINGS = NO;
				SWIFT_VERSION = 5.0;
				TARGETED_DEVICE_FAMILY = "1,2";
				TEST_TARGET_NAME = PokedexCombine;
			};
			name = Debug;
		};
		8D0CC0742B0BCADF0009E488 /* Release */ = {
			isa = XCBuildConfiguration;
			buildSettings = {
				ALWAYS_EMBED_SWIFT_STANDARD_LIBRARIES = YES;
				CODE_SIGN_STYLE = Automatic;
				CURRENT_PROJECT_VERSION = 1;
				DEVELOPMENT_TEAM = TJMJV7ZV7T;
				GENERATE_INFOPLIST_FILE = YES;
				IPHONEOS_DEPLOYMENT_TARGET = 17.0;
				MACOSX_DEPLOYMENT_TARGET = 14.0;
				MARKETING_VERSION = 1.0;
				PRODUCT_BUNDLE_IDENTIFIER = com.Marcos.PokedexCombineUITests;
				PRODUCT_NAME = "$(TARGET_NAME)";
				SDKROOT = auto;
				SUPPORTED_PLATFORMS = "iphoneos iphonesimulator macosx";
				SWIFT_EMIT_LOC_STRINGS = NO;
				SWIFT_VERSION = 5.0;
				TARGETED_DEVICE_FAMILY = "1,2";
				TEST_TARGET_NAME = PokedexCombine;
			};
			name = Release;
		};
/* End XCBuildConfiguration section */

/* Begin XCConfigurationList section */
		8D0CC03D2B0BCADD0009E488 /* Build configuration list for PBXProject "PokedexCombine" */ = {
			isa = XCConfigurationList;
			buildConfigurations = (
				8D0CC06A2B0BCADF0009E488 /* Debug */,
				8D0CC06B2B0BCADF0009E488 /* Release */,
			);
			defaultConfigurationIsVisible = 0;
			defaultConfigurationName = Release;
		};
		8D0CC06C2B0BCADF0009E488 /* Build configuration list for PBXNativeTarget "PokedexCombine" */ = {
			isa = XCConfigurationList;
			buildConfigurations = (
				8D0CC06D2B0BCADF0009E488 /* Debug */,
				8D0CC06E2B0BCADF0009E488 /* Release */,
			);
			defaultConfigurationIsVisible = 0;
			defaultConfigurationName = Release;
		};
		8D0CC06F2B0BCADF0009E488 /* Build configuration list for PBXNativeTarget "PokedexCombineTests" */ = {
			isa = XCConfigurationList;
			buildConfigurations = (
				8D0CC0702B0BCADF0009E488 /* Debug */,
				8D0CC0712B0BCADF0009E488 /* Release */,
			);
			defaultConfigurationIsVisible = 0;
			defaultConfigurationName = Release;
		};
		8D0CC0722B0BCADF0009E488 /* Build configuration list for PBXNativeTarget "PokedexCombineUITests" */ = {
			isa = XCConfigurationList;
			buildConfigurations = (
				8D0CC0732B0BCADF0009E488 /* Debug */,
				8D0CC0742B0BCADF0009E488 /* Release */,
			);
			defaultConfigurationIsVisible = 0;
			defaultConfigurationName = Release;
		};
/* End XCConfigurationList section */

/* Begin XCRemoteSwiftPackageReference section */
		8D9ACC252B84AEA500EB546E /* XCRemoteSwiftPackageReference "firebase-ios-sdk" */ = {
			isa = XCRemoteSwiftPackageReference;
			repositoryURL = "https://github.com/firebase/firebase-ios-sdk";
			requirement = {
				kind = upToNextMajorVersion;
				minimumVersion = 10.21.0;
			};
		};
		8DDCB02F2B93389200B7BFDE /* XCRemoteSwiftPackageReference "lottie-ios" */ = {
			isa = XCRemoteSwiftPackageReference;
			repositoryURL = "https://github.com/airbnb/lottie-ios.git";
			requirement = {
				kind = upToNextMajorVersion;
				minimumVersion = 4.4.1;
			};
		};
/* End XCRemoteSwiftPackageReference section */

/* Begin XCSwiftPackageProductDependency section */
		8D9ACC262B84AEA500EB546E /* FirebaseAnalytics */ = {
			isa = XCSwiftPackageProductDependency;
			package = 8D9ACC252B84AEA500EB546E /* XCRemoteSwiftPackageReference "firebase-ios-sdk" */;
			productName = FirebaseAnalytics;
		};
		8D9ACC282B84AEA500EB546E /* FirebaseAnalyticsSwift */ = {
			isa = XCSwiftPackageProductDependency;
			package = 8D9ACC252B84AEA500EB546E /* XCRemoteSwiftPackageReference "firebase-ios-sdk" */;
			productName = FirebaseAnalyticsSwift;
		};
		8D9ACC2A2B84AEA500EB546E /* FirebaseAnalyticsWithoutAdIdSupport */ = {
			isa = XCSwiftPackageProductDependency;
			package = 8D9ACC252B84AEA500EB546E /* XCRemoteSwiftPackageReference "firebase-ios-sdk" */;
			productName = FirebaseAnalyticsWithoutAdIdSupport;
		};
		8D9ACC2C2B84AEA500EB546E /* FirebaseAppCheck */ = {
			isa = XCSwiftPackageProductDependency;
			package = 8D9ACC252B84AEA500EB546E /* XCRemoteSwiftPackageReference "firebase-ios-sdk" */;
			productName = FirebaseAppCheck;
		};
		8D9ACC2E2B84AEA500EB546E /* FirebaseAuth */ = {
			isa = XCSwiftPackageProductDependency;
			package = 8D9ACC252B84AEA500EB546E /* XCRemoteSwiftPackageReference "firebase-ios-sdk" */;
			productName = FirebaseAuth;
		};
		8D9ACC302B84AEA500EB546E /* FirebaseAuthCombine-Community */ = {
			isa = XCSwiftPackageProductDependency;
			package = 8D9ACC252B84AEA500EB546E /* XCRemoteSwiftPackageReference "firebase-ios-sdk" */;
			productName = "FirebaseAuthCombine-Community";
		};
		8D9ACC322B84AEA500EB546E /* FirebaseCrashlytics */ = {
			isa = XCSwiftPackageProductDependency;
			package = 8D9ACC252B84AEA500EB546E /* XCRemoteSwiftPackageReference "firebase-ios-sdk" */;
			productName = FirebaseCrashlytics;
		};
		8D9ACC342B84AEA500EB546E /* FirebaseDatabaseSwift */ = {
			isa = XCSwiftPackageProductDependency;
			package = 8D9ACC252B84AEA500EB546E /* XCRemoteSwiftPackageReference "firebase-ios-sdk" */;
			productName = FirebaseDatabaseSwift;
		};
		8D9ACC362B84AEA500EB546E /* FirebaseFirestoreCombine-Community */ = {
			isa = XCSwiftPackageProductDependency;
			package = 8D9ACC252B84AEA500EB546E /* XCRemoteSwiftPackageReference "firebase-ios-sdk" */;
			productName = "FirebaseFirestoreCombine-Community";
		};
		8D9ACC382B84AEA500EB546E /* FirebaseFirestoreSwift */ = {
			isa = XCSwiftPackageProductDependency;
			package = 8D9ACC252B84AEA500EB546E /* XCRemoteSwiftPackageReference "firebase-ios-sdk" */;
			productName = FirebaseFirestoreSwift;
		};
		8D9ACC3A2B84AEA500EB546E /* FirebaseInAppMessagingSwift-Beta */ = {
			isa = XCSwiftPackageProductDependency;
			package = 8D9ACC252B84AEA500EB546E /* XCRemoteSwiftPackageReference "firebase-ios-sdk" */;
			productName = "FirebaseInAppMessagingSwift-Beta";
		};
		8D9ACC3C2B84AEA500EB546E /* FirebaseStorageCombine-Community */ = {
			isa = XCSwiftPackageProductDependency;
			package = 8D9ACC252B84AEA500EB546E /* XCRemoteSwiftPackageReference "firebase-ios-sdk" */;
			productName = "FirebaseStorageCombine-Community";
		};
		8DDCB0302B93389200B7BFDE /* Lottie */ = {
			isa = XCSwiftPackageProductDependency;
			package = 8DDCB02F2B93389200B7BFDE /* XCRemoteSwiftPackageReference "lottie-ios" */;
			productName = Lottie;
		};
/* End XCSwiftPackageProductDependency section */

/* Begin XCVersionGroup section */
		8D0CC0492B0BCADD0009E488 /* PokedexCombine.xcdatamodeld */ = {
			isa = XCVersionGroup;
			children = (
				8D0CC04A2B0BCADD0009E488 /* PokedexCombine.xcdatamodel */,
			);
			currentVersion = 8D0CC04A2B0BCADD0009E488 /* PokedexCombine.xcdatamodel */;
			path = PokedexCombine.xcdatamodeld;
			sourceTree = "<group>";
			versionGroupType = wrapper.xcdatamodel;
		};
/* End XCVersionGroup section */
	};
	rootObject = 8D0CC03A2B0BCADD0009E488 /* Project object */;
}
